// !$*UTF8*$!
{
	archiveVersion = 1;
	classes = {
	};
	objectVersion = 50;
	objects = {

/* Begin PBXBuildFile section */
		8179EF76D881D6FCAA8998EC /* Pods_BTBaseSDK.framework in Frameworks */ = {isa = PBXBuildFile; fileRef = 4531C44A13261D44B8638835 /* Pods_BTBaseSDK.framework */; };
		E724679C20C691DF003641C0 /* BTBaseLocalized.strings in Resources */ = {isa = PBXBuildFile; fileRef = E76E76A020C58246008F61BA /* BTBaseLocalized.strings */; };
		E724679D20C691F5003641C0 /* BTBaseSDK.framework in Resources */ = {isa = PBXBuildFile; fileRef = E788686320C2F981008E0E8D /* BTBaseSDK.framework */; };
		E724679E20C691F5003641C0 /* BTBaseSDKUI.bundle in Resources */ = {isa = PBXBuildFile; fileRef = E754A25D20C3A9D5006F36EB /* BTBaseSDKUI.bundle */; };
		E72467A020C69A92003641C0 /* BTBaseSDKManager.swift in Sources */ = {isa = PBXBuildFile; fileRef = E724679F20C69A92003641C0 /* BTBaseSDKManager.swift */; };
		E738006220C44DAF0043A201 /* UpdateEmailViewController.swift in Sources */ = {isa = PBXBuildFile; fileRef = E738006120C44DAF0043A201 /* UpdateEmailViewController.swift */; };
		E738006420C44DC20043A201 /* UpdatePasswordViewController.swift in Sources */ = {isa = PBXBuildFile; fileRef = E738006320C44DC20043A201 /* UpdatePasswordViewController.swift */; };
		E738006620C44DCF0043A201 /* UpdateNickViewController.swift in Sources */ = {isa = PBXBuildFile; fileRef = E738006520C44DCF0043A201 /* UpdateNickViewController.swift */; };
		E738006820C452D00043A201 /* SignInViewController.swift in Sources */ = {isa = PBXBuildFile; fileRef = E738006720C452D00043A201 /* SignInViewController.swift */; };
		E738006A20C452DC0043A201 /* SignUpViewController.swift in Sources */ = {isa = PBXBuildFile; fileRef = E738006920C452DC0043A201 /* SignUpViewController.swift */; };
		E738006C20C452EB0043A201 /* ForgetPasswordViewController.swift in Sources */ = {isa = PBXBuildFile; fileRef = E738006B20C452EB0043A201 /* ForgetPasswordViewController.swift */; };
		E73E6AA820C55E54000A4B2E /* BTBaseSDK.framework in Frameworks */ = {isa = PBXBuildFile; fileRef = E788686320C2F981008E0E8D /* BTBaseSDK.framework */; };
		E73E6AA920C55E54000A4B2E /* BTBaseSDK.framework in Embed Frameworks */ = {isa = PBXBuildFile; fileRef = E788686320C2F981008E0E8D /* BTBaseSDK.framework */; settings = {ATTRIBUTES = (CodeSignOnCopy, RemoveHeadersOnCopy, ); }; };
		E740BC3E20C77F81001C13F1 /* BTAccount+BTDB.swift in Sources */ = {isa = PBXBuildFile; fileRef = E740BC3D20C77F81001C13F1 /* BTAccount+BTDB.swift */; };
		E740BC4120C786C6001C13F1 /* BTDBEntity.swift in Sources */ = {isa = PBXBuildFile; fileRef = E740BC4020C786C6001C13F1 /* BTDBEntity.swift */; };
		E740BC4320C7871E001C13F1 /* BTDBTableSet.swift in Sources */ = {isa = PBXBuildFile; fileRef = E740BC4220C7871E001C13F1 /* BTDBTableSet.swift */; };
		E740BC4520C78791001C13F1 /* BTDBContext.swift in Sources */ = {isa = PBXBuildFile; fileRef = E740BC4420C78791001C13F1 /* BTDBContext.swift */; };
		E740BC4820C78888001C13F1 /* SQLiteDbContext.swift in Sources */ = {isa = PBXBuildFile; fileRef = E740BC4720C78888001C13F1 /* SQLiteDbContext.swift */; };
		E740BC4A20C788CE001C13F1 /* SQLiteHelper.swift in Sources */ = {isa = PBXBuildFile; fileRef = E740BC4920C788CE001C13F1 /* SQLiteHelper.swift */; };
		E740BC4C20C78C73001C13F1 /* SQLiteTableSet.swift in Sources */ = {isa = PBXBuildFile; fileRef = E740BC4B20C78C73001C13F1 /* SQLiteTableSet.swift */; };
		E740BC4E20C7B93C001C13F1 /* BTAccountSession+BTDB.swift in Sources */ = {isa = PBXBuildFile; fileRef = E740BC4D20C7B93C001C13F1 /* BTAccountSession+BTDB.swift */; };
		E740BC5020C7BA32001C13F1 /* BTMember+BTDB.swift in Sources */ = {isa = PBXBuildFile; fileRef = E740BC4F20C7BA32001C13F1 /* BTMember+BTDB.swift */; };
		E754A1DC20C37EFB006F36EB /* Podfile in Resources */ = {isa = PBXBuildFile; fileRef = E754A1DB20C37EFB006F36EB /* Podfile */; };
		E754A1EB20C389DD006F36EB /* BTAPIClient.swift in Sources */ = {isa = PBXBuildFile; fileRef = E754A1EA20C389DD006F36EB /* BTAPIClient.swift */; };
		E754A1EE20C39411006F36EB /* BTAccountAPI.swift in Sources */ = {isa = PBXBuildFile; fileRef = E754A1ED20C39411006F36EB /* BTAccountAPI.swift */; };
		E754A1F020C3957D006F36EB /* BTMemberAPI.swift in Sources */ = {isa = PBXBuildFile; fileRef = E754A1EF20C3957D006F36EB /* BTMemberAPI.swift */; };
		E754A1F220C396BA006F36EB /* BTSessionAPI.swift in Sources */ = {isa = PBXBuildFile; fileRef = E754A1F120C396BA006F36EB /* BTSessionAPI.swift */; };
		E754A26320C3AA10006F36EB /* Media.xcassets in Resources */ = {isa = PBXBuildFile; fileRef = E754A1F320C39925006F36EB /* Media.xcassets */; };
		E754A28A20C3C077006F36EB /* ArrayUtil.swift in Sources */ = {isa = PBXBuildFile; fileRef = E754A27120C3C077006F36EB /* ArrayUtil.swift */; };
		E754A28B20C3C077006F36EB /* BahamutCommon.h in Headers */ = {isa = PBXBuildFile; fileRef = E754A27220C3C077006F36EB /* BahamutCommon.h */; };
		E754A28C20C3C077006F36EB /* BahamutCommonLocalized.swift in Sources */ = {isa = PBXBuildFile; fileRef = E754A27320C3C077006F36EB /* BahamutCommonLocalized.swift */; };
		E754A29020C3C077006F36EB /* MF_Base64Additions.h in Headers */ = {isa = PBXBuildFile; fileRef = E754A27920C3C077006F36EB /* MF_Base64Additions.h */; };
		E754A29120C3C077006F36EB /* MF_Base64Additions.m in Sources */ = {isa = PBXBuildFile; fileRef = E754A27A20C3C077006F36EB /* MF_Base64Additions.m */; };
		E754A29220C3C077006F36EB /* CommonExtension.swift in Sources */ = {isa = PBXBuildFile; fileRef = E754A27B20C3C077006F36EB /* CommonExtension.swift */; };
		E754A29320C3C077006F36EB /* CommonValueCast.swift in Sources */ = {isa = PBXBuildFile; fileRef = E754A27C20C3C077006F36EB /* CommonValueCast.swift */; };
		E754A29420C3C077006F36EB /* DateHelper.swift in Sources */ = {isa = PBXBuildFile; fileRef = E754A27D20C3C077006F36EB /* DateHelper.swift */; };
		E754A29520C3C077006F36EB /* GameCenterHelper.swift in Sources */ = {isa = PBXBuildFile; fileRef = E754A27F20C3C077006F36EB /* GameCenterHelper.swift */; };
		E754A29620C3C077006F36EB /* IDUtil.swift in Sources */ = {isa = PBXBuildFile; fileRef = E754A28020C3C077006F36EB /* IDUtil.swift */; };
		E754A29720C3C077006F36EB /* Math.swift in Sources */ = {isa = PBXBuildFile; fileRef = E754A28120C3C077006F36EB /* Math.swift */; };
		E754A29820C3C077006F36EB /* NetworkReachability.swift in Sources */ = {isa = PBXBuildFile; fileRef = E754A28220C3C077006F36EB /* NetworkReachability.swift */; };
		E754A29920C3C077006F36EB /* NormalDistribution.swift in Sources */ = {isa = PBXBuildFile; fileRef = E754A28320C3C077006F36EB /* NormalDistribution.swift */; };
		E754A29A20C3C077006F36EB /* RegexUtil.swift in Sources */ = {isa = PBXBuildFile; fileRef = E754A28420C3C077006F36EB /* RegexUtil.swift */; };
		E754A29B20C3C077006F36EB /* String+MD5.swift in Sources */ = {isa = PBXBuildFile; fileRef = E754A28520C3C077006F36EB /* String+MD5.swift */; };
		E754A29C20C3C077006F36EB /* StringHelper.swift in Sources */ = {isa = PBXBuildFile; fileRef = E754A28620C3C077006F36EB /* StringHelper.swift */; };
		E754A29D20C3C077006F36EB /* UserSetting.swift in Sources */ = {isa = PBXBuildFile; fileRef = E754A28720C3C077006F36EB /* UserSetting.swift */; };
		E754A2A520C3CFEA006F36EB /* BTGameWall.swift in Sources */ = {isa = PBXBuildFile; fileRef = E754A2A420C3CFEA006F36EB /* BTGameWall.swift */; };
		E754A2F120C3EB55006F36EB /* BTBaseSDKBundleExtensions.swift in Sources */ = {isa = PBXBuildFile; fileRef = E754A2F020C3EB55006F36EB /* BTBaseSDKBundleExtensions.swift */; };
		E754A31320C3EC6B006F36EB /* AppDelegate.swift in Sources */ = {isa = PBXBuildFile; fileRef = E754A31220C3EC6B006F36EB /* AppDelegate.swift */; };
		E754A31520C3EC6B006F36EB /* ViewController.swift in Sources */ = {isa = PBXBuildFile; fileRef = E754A31420C3EC6B006F36EB /* ViewController.swift */; };
		E754A31820C3EC6B006F36EB /* Main.storyboard in Resources */ = {isa = PBXBuildFile; fileRef = E754A31620C3EC6B006F36EB /* Main.storyboard */; };
		E754A31A20C3EC6C006F36EB /* Assets.xcassets in Resources */ = {isa = PBXBuildFile; fileRef = E754A31920C3EC6C006F36EB /* Assets.xcassets */; };
		E754A31D20C3EC6C006F36EB /* LaunchScreen.storyboard in Resources */ = {isa = PBXBuildFile; fileRef = E754A31B20C3EC6C006F36EB /* LaunchScreen.storyboard */; };
		E754A32B20C3F1C0006F36EB /* BTBaseHomeController.swift in Sources */ = {isa = PBXBuildFile; fileRef = E754A32A20C3F1C0006F36EB /* BTBaseHomeController.swift */; };
		E75B5E1020C8E627005BE4FB /* BahamutCommonLocalized.strings in Resources */ = {isa = PBXBuildFile; fileRef = E754A27620C3C077006F36EB /* BahamutCommonLocalized.strings */; };
		E75B5E1220C8F468005BE4FB /* AutoGenStrings.py in Resources */ = {isa = PBXBuildFile; fileRef = E75B5E1120C8F467005BE4FB /* AutoGenStrings.py */; };
		E75B5E1520C8F558005BE4FB /* BTBaseMainStoryboard.storyboard in Resources */ = {isa = PBXBuildFile; fileRef = E75B5E1720C8F558005BE4FB /* BTBaseMainStoryboard.storyboard */; };
		E75D401020C4B01700BEAF79 /* BTServiceContainer.swift in Sources */ = {isa = PBXBuildFile; fileRef = E75D400F20C4B01700BEAF79 /* BTServiceContainer.swift */; };
		E75D401220C4C54900BEAF79 /* BTAPIRequest.swift in Sources */ = {isa = PBXBuildFile; fileRef = E75D401120C4C54900BEAF79 /* BTAPIRequest.swift */; };
		E75D401420C4C56F00BEAF79 /* BTAPIResult.swift in Sources */ = {isa = PBXBuildFile; fileRef = E75D401320C4C56F00BEAF79 /* BTAPIResult.swift */; };
		E75D401620C516DF00BEAF79 /* CommonRegexPatterns.swift in Sources */ = {isa = PBXBuildFile; fileRef = E75D401520C516DF00BEAF79 /* CommonRegexPatterns.swift */; };
		E75D403420C518F300BEAF79 /* BahamutTextView.swift in Sources */ = {isa = PBXBuildFile; fileRef = E75D401720C518F200BEAF79 /* BahamutTextView.swift */; };
		E75D403720C518F300BEAF79 /* UIAnimationHelper.swift in Sources */ = {isa = PBXBuildFile; fileRef = E75D401B20C518F200BEAF79 /* UIAnimationHelper.swift */; };
		E75D403820C518F300BEAF79 /* UIView+Boom.h in Headers */ = {isa = PBXBuildFile; fileRef = E75D401C20C518F200BEAF79 /* UIView+Boom.h */; };
		E75D403920C518F300BEAF79 /* UIView+Boom.m in Sources */ = {isa = PBXBuildFile; fileRef = E75D401D20C518F200BEAF79 /* UIView+Boom.m */; };
		E75D403A20C518F300BEAF79 /* MailHelper.swift in Sources */ = {isa = PBXBuildFile; fileRef = E75D401E20C518F200BEAF79 /* MailHelper.swift */; };
		E75D403C20C518F300BEAF79 /* UICollectionViewFlowLayouts.swift in Sources */ = {isa = PBXBuildFile; fileRef = E75D402020C518F200BEAF79 /* UICollectionViewFlowLayouts.swift */; };
		E75D403D20C518F300BEAF79 /* UIImagePicker+SourceAlert.swift in Sources */ = {isa = PBXBuildFile; fileRef = E75D402120C518F200BEAF79 /* UIImagePicker+SourceAlert.swift */; };
		E75D403F20C518F300BEAF79 /* SimpleBrowser.swift in Sources */ = {isa = PBXBuildFile; fileRef = E75D402320C518F200BEAF79 /* SimpleBrowser.swift */; };
		E75D404020C518F300BEAF79 /* Integer+FriendlyString.swift in Sources */ = {isa = PBXBuildFile; fileRef = E75D402420C518F200BEAF79 /* Integer+FriendlyString.swift */; };
		E75D404120C518F300BEAF79 /* SystemSoundHelper.swift in Sources */ = {isa = PBXBuildFile; fileRef = E75D402520C518F200BEAF79 /* SystemSoundHelper.swift */; };
		E75D404220C518F300BEAF79 /* ToastHelper.swift in Sources */ = {isa = PBXBuildFile; fileRef = E75D402620C518F200BEAF79 /* ToastHelper.swift */; };
		E75D404520C518F300BEAF79 /* ImageUtil.swift in Sources */ = {isa = PBXBuildFile; fileRef = E75D402920C518F300BEAF79 /* ImageUtil.swift */; };
		E75D404620C518F300BEAF79 /* LockScreenHelper.swift in Sources */ = {isa = PBXBuildFile; fileRef = E75D402A20C518F300BEAF79 /* LockScreenHelper.swift */; };
		E75D404720C518F300BEAF79 /* ControllerExtension.swift in Sources */ = {isa = PBXBuildFile; fileRef = E75D402B20C518F300BEAF79 /* ControllerExtension.swift */; };
		E75D404820C518F300BEAF79 /* HSL.swift in Sources */ = {isa = PBXBuildFile; fileRef = E75D402D20C518F300BEAF79 /* HSL.swift */; };
		E75D404920C518F300BEAF79 /* UIColor.swift in Sources */ = {isa = PBXBuildFile; fileRef = E75D402E20C518F300BEAF79 /* UIColor.swift */; };
		E75D404A20C518F300BEAF79 /* KeyboardAdjustHelper.swift in Sources */ = {isa = PBXBuildFile; fileRef = E75D402F20C518F300BEAF79 /* KeyboardAdjustHelper.swift */; };
		E75D404B20C518F300BEAF79 /* PaddingLabel.swift in Sources */ = {isa = PBXBuildFile; fileRef = E75D403020C518F300BEAF79 /* PaddingLabel.swift */; };
		E75D404C20C518F300BEAF79 /* ShareHelper.swift in Sources */ = {isa = PBXBuildFile; fileRef = E75D403120C518F300BEAF79 /* ShareHelper.swift */; };
		E75D404D20C518F300BEAF79 /* UIView+RemoveChildView.swift in Sources */ = {isa = PBXBuildFile; fileRef = E75D403220C518F300BEAF79 /* UIView+RemoveChildView.swift */; };
		E75D404E20C518F300BEAF79 /* TableViewEx.swift in Sources */ = {isa = PBXBuildFile; fileRef = E75D403320C518F300BEAF79 /* TableViewEx.swift */; };
		E762E757F4FCD43FB92D28ED /* Pods_SDKTest.framework in Frameworks */ = {isa = PBXBuildFile; fileRef = D43C41BC1966FFE0308B117A /* Pods_SDKTest.framework */; };
		E788686820C2F981008E0E8D /* iOSSDK.h in Headers */ = {isa = PBXBuildFile; fileRef = E788686620C2F981008E0E8D /* iOSSDK.h */; settings = {ATTRIBUTES = (Public, ); }; };
		E788687320C2FA77008E0E8D /* BTServiceDBContext.swift in Sources */ = {isa = PBXBuildFile; fileRef = E788687220C2FA77008E0E8D /* BTServiceDBContext.swift */; };
		E788687620C2FDF5008E0E8D /* Models.swift in Sources */ = {isa = PBXBuildFile; fileRef = E788687520C2FDF5008E0E8D /* Models.swift */; };
		E788687820C3017D008E0E8D /* BTServiceConst.swift in Sources */ = {isa = PBXBuildFile; fileRef = E788687720C3017D008E0E8D /* BTServiceConst.swift */; };
		E788687B20C30390008E0E8D /* GameWallViewController.swift in Sources */ = {isa = PBXBuildFile; fileRef = E788687A20C30390008E0E8D /* GameWallViewController.swift */; };
		E788687D20C303A2008E0E8D /* MemberViewController.swift in Sources */ = {isa = PBXBuildFile; fileRef = E788687C20C303A2008E0E8D /* MemberViewController.swift */; };
		E788687F20C303BA008E0E8D /* AccountViewController.swift in Sources */ = {isa = PBXBuildFile; fileRef = E788687E20C303BA008E0E8D /* AccountViewController.swift */; };
		E788688120C30429008E0E8D /* BTSessionService.swift in Sources */ = {isa = PBXBuildFile; fileRef = E788688020C30429008E0E8D /* BTSessionService.swift */; };
		E788688320C30435008E0E8D /* BTAccountService.swift in Sources */ = {isa = PBXBuildFile; fileRef = E788688220C30435008E0E8D /* BTAccountService.swift */; };
		E788688520C3043E008E0E8D /* BTMemberService.swift in Sources */ = {isa = PBXBuildFile; fileRef = E788688420C3043E008E0E8D /* BTMemberService.swift */; };
		E78B406020C6C4930049ED91 /* FileManager+Paths.swift in Sources */ = {isa = PBXBuildFile; fileRef = E78B405F20C6C4930049ED91 /* FileManager+Paths.swift */; };
		E78B406220C6CA060049ED91 /* btbase.plist in Resources */ = {isa = PBXBuildFile; fileRef = E78B406120C6CA060049ED91 /* btbase.plist */; };
		E791C88C20C97DD0003E36A1 /* BTBaseConfig.swift in Sources */ = {isa = PBXBuildFile; fileRef = E791C88B20C97DD0003E36A1 /* BTBaseConfig.swift */; };
		E791C88E20C9897F003E36A1 /* DispatchQueue+Extensions.swift in Sources */ = {isa = PBXBuildFile; fileRef = E791C88D20C9897F003E36A1 /* DispatchQueue+Extensions.swift */; };
		E7C105B820C628EA001BFB11 /* Models+FMDB.swift in Sources */ = {isa = PBXBuildFile; fileRef = E7C105B720C628EA001BFB11 /* Models+FMDB.swift */; };
		E7C105BA20C62ECB001BFB11 /* BTAPIClientProfile+DeviceInfo.swift in Sources */ = {isa = PBXBuildFile; fileRef = E7C105B920C62ECB001BFB11 /* BTAPIClientProfile+DeviceInfo.swift */; };
		E7C105BC20C62FE5001BFB11 /* BTServiceInfo.swift in Sources */ = {isa = PBXBuildFile; fileRef = E7C105BB20C62FE5001BFB11 /* BTServiceInfo.swift */; };
		E7C105BE20C63649001BFB11 /* UIDeviceExtensions.swift in Sources */ = {isa = PBXBuildFile; fileRef = E7C105BD20C63649001BFB11 /* UIDeviceExtensions.swift */; };
		E7C105C020C6389E001BFB11 /* LocaleExtensions.swift in Sources */ = {isa = PBXBuildFile; fileRef = E7C105BF20C6389E001BFB11 /* LocaleExtensions.swift */; };
/* End PBXBuildFile section */

/* Begin PBXContainerItemProxy section */
		E73E6AAA20C55E54000A4B2E /* PBXContainerItemProxy */ = {
			isa = PBXContainerItemProxy;
			containerPortal = E788685A20C2F981008E0E8D /* Project object */;
			proxyType = 1;
			remoteGlobalIDString = E788686220C2F981008E0E8D;
			remoteInfo = BTBaseSDK;
		};
/* End PBXContainerItemProxy section */

/* Begin PBXCopyFilesBuildPhase section */
		E73E6AAC20C55E54000A4B2E /* Embed Frameworks */ = {
			isa = PBXCopyFilesBuildPhase;
			buildActionMask = 2147483647;
			dstPath = "";
			dstSubfolderSpec = 10;
			files = (
				E73E6AA920C55E54000A4B2E /* BTBaseSDK.framework in Embed Frameworks */,
			);
			name = "Embed Frameworks";
			runOnlyForDeploymentPostprocessing = 0;
		};
/* End PBXCopyFilesBuildPhase section */

/* Begin PBXFileReference section */
		048F9DC096F966E62392A9CF /* Pods-BTBaseSDK.release.xcconfig */ = {isa = PBXFileReference; includeInIndex = 1; lastKnownFileType = text.xcconfig; name = "Pods-BTBaseSDK.release.xcconfig"; path = "Pods/Target Support Files/Pods-BTBaseSDK/Pods-BTBaseSDK.release.xcconfig"; sourceTree = "<group>"; };
		197259A5692423664D182705 /* Pods-SDKTest.debug.xcconfig */ = {isa = PBXFileReference; includeInIndex = 1; lastKnownFileType = text.xcconfig; name = "Pods-SDKTest.debug.xcconfig"; path = "Pods/Target Support Files/Pods-SDKTest/Pods-SDKTest.debug.xcconfig"; sourceTree = "<group>"; };
		1B5974EA4A52598493238C54 /* Pods-iOSSDK.debug.xcconfig */ = {isa = PBXFileReference; includeInIndex = 1; lastKnownFileType = text.xcconfig; name = "Pods-iOSSDK.debug.xcconfig"; path = "Pods/Target Support Files/Pods-iOSSDK/Pods-iOSSDK.debug.xcconfig"; sourceTree = "<group>"; };
		4531C44A13261D44B8638835 /* Pods_BTBaseSDK.framework */ = {isa = PBXFileReference; explicitFileType = wrapper.framework; includeInIndex = 0; path = Pods_BTBaseSDK.framework; sourceTree = BUILT_PRODUCTS_DIR; };
		62FF0676A78305323D1BB70A /* Pods-SDKTest.release.xcconfig */ = {isa = PBXFileReference; includeInIndex = 1; lastKnownFileType = text.xcconfig; name = "Pods-SDKTest.release.xcconfig"; path = "Pods/Target Support Files/Pods-SDKTest/Pods-SDKTest.release.xcconfig"; sourceTree = "<group>"; };
		65D6C8E0EA77D734511F995D /* Pods-BTBaseSDK.debug.xcconfig */ = {isa = PBXFileReference; includeInIndex = 1; lastKnownFileType = text.xcconfig; name = "Pods-BTBaseSDK.debug.xcconfig"; path = "Pods/Target Support Files/Pods-BTBaseSDK/Pods-BTBaseSDK.debug.xcconfig"; sourceTree = "<group>"; };
		7CFCC91E1A04E91302F6FB02 /* Pods-iOSSDK.release.xcconfig */ = {isa = PBXFileReference; includeInIndex = 1; lastKnownFileType = text.xcconfig; name = "Pods-iOSSDK.release.xcconfig"; path = "Pods/Target Support Files/Pods-iOSSDK/Pods-iOSSDK.release.xcconfig"; sourceTree = "<group>"; };
		D43C41BC1966FFE0308B117A /* Pods_SDKTest.framework */ = {isa = PBXFileReference; explicitFileType = wrapper.framework; includeInIndex = 0; path = Pods_SDKTest.framework; sourceTree = BUILT_PRODUCTS_DIR; };
		E7241B8F20C907D300DFB70A /* zh-Hant */ = {isa = PBXFileReference; lastKnownFileType = text.plist.strings; name = "zh-Hant"; path = "zh-Hant.lproj/BTBaseMainStoryboard.strings"; sourceTree = "<group>"; };
		E724679F20C69A92003641C0 /* BTBaseSDKManager.swift */ = {isa = PBXFileReference; lastKnownFileType = sourcecode.swift; path = BTBaseSDKManager.swift; sourceTree = "<group>"; };
		E738006120C44DAF0043A201 /* UpdateEmailViewController.swift */ = {isa = PBXFileReference; lastKnownFileType = sourcecode.swift; path = UpdateEmailViewController.swift; sourceTree = "<group>"; };
		E738006320C44DC20043A201 /* UpdatePasswordViewController.swift */ = {isa = PBXFileReference; lastKnownFileType = sourcecode.swift; path = UpdatePasswordViewController.swift; sourceTree = "<group>"; };
		E738006520C44DCF0043A201 /* UpdateNickViewController.swift */ = {isa = PBXFileReference; lastKnownFileType = sourcecode.swift; path = UpdateNickViewController.swift; sourceTree = "<group>"; };
		E738006720C452D00043A201 /* SignInViewController.swift */ = {isa = PBXFileReference; lastKnownFileType = sourcecode.swift; path = SignInViewController.swift; sourceTree = "<group>"; };
		E738006920C452DC0043A201 /* SignUpViewController.swift */ = {isa = PBXFileReference; lastKnownFileType = sourcecode.swift; path = SignUpViewController.swift; sourceTree = "<group>"; };
		E738006B20C452EB0043A201 /* ForgetPasswordViewController.swift */ = {isa = PBXFileReference; lastKnownFileType = sourcecode.swift; path = ForgetPasswordViewController.swift; sourceTree = "<group>"; };
		E740BC3D20C77F81001C13F1 /* BTAccount+BTDB.swift */ = {isa = PBXFileReference; lastKnownFileType = sourcecode.swift; path = "BTAccount+BTDB.swift"; sourceTree = "<group>"; };
		E740BC4020C786C6001C13F1 /* BTDBEntity.swift */ = {isa = PBXFileReference; lastKnownFileType = sourcecode.swift; path = BTDBEntity.swift; sourceTree = "<group>"; };
		E740BC4220C7871E001C13F1 /* BTDBTableSet.swift */ = {isa = PBXFileReference; lastKnownFileType = sourcecode.swift; path = BTDBTableSet.swift; sourceTree = "<group>"; };
		E740BC4420C78791001C13F1 /* BTDBContext.swift */ = {isa = PBXFileReference; lastKnownFileType = sourcecode.swift; path = BTDBContext.swift; sourceTree = "<group>"; };
		E740BC4720C78888001C13F1 /* SQLiteDbContext.swift */ = {isa = PBXFileReference; lastKnownFileType = sourcecode.swift; path = SQLiteDbContext.swift; sourceTree = "<group>"; };
		E740BC4920C788CE001C13F1 /* SQLiteHelper.swift */ = {isa = PBXFileReference; lastKnownFileType = sourcecode.swift; path = SQLiteHelper.swift; sourceTree = "<group>"; };
		E740BC4B20C78C73001C13F1 /* SQLiteTableSet.swift */ = {isa = PBXFileReference; lastKnownFileType = sourcecode.swift; path = SQLiteTableSet.swift; sourceTree = "<group>"; };
		E740BC4D20C7B93C001C13F1 /* BTAccountSession+BTDB.swift */ = {isa = PBXFileReference; lastKnownFileType = sourcecode.swift; path = "BTAccountSession+BTDB.swift"; sourceTree = "<group>"; };
		E740BC4F20C7BA32001C13F1 /* BTMember+BTDB.swift */ = {isa = PBXFileReference; lastKnownFileType = sourcecode.swift; path = "BTMember+BTDB.swift"; sourceTree = "<group>"; };
		E754A1DB20C37EFB006F36EB /* Podfile */ = {isa = PBXFileReference; fileEncoding = 4; lastKnownFileType = text; path = Podfile; sourceTree = "<group>"; xcLanguageSpecificationIdentifier = xcode.lang.ruby; };
		E754A1EA20C389DD006F36EB /* BTAPIClient.swift */ = {isa = PBXFileReference; lastKnownFileType = sourcecode.swift; path = BTAPIClient.swift; sourceTree = "<group>"; };
		E754A1ED20C39411006F36EB /* BTAccountAPI.swift */ = {isa = PBXFileReference; lastKnownFileType = sourcecode.swift; path = BTAccountAPI.swift; sourceTree = "<group>"; };
		E754A1EF20C3957D006F36EB /* BTMemberAPI.swift */ = {isa = PBXFileReference; lastKnownFileType = sourcecode.swift; path = BTMemberAPI.swift; sourceTree = "<group>"; };
		E754A1F120C396BA006F36EB /* BTSessionAPI.swift */ = {isa = PBXFileReference; lastKnownFileType = sourcecode.swift; path = BTSessionAPI.swift; sourceTree = "<group>"; };
		E754A1F320C39925006F36EB /* Media.xcassets */ = {isa = PBXFileReference; lastKnownFileType = folder.assetcatalog; path = Media.xcassets; sourceTree = "<group>"; };
		E754A25D20C3A9D5006F36EB /* BTBaseSDKUI.bundle */ = {isa = PBXFileReference; explicitFileType = wrapper.cfbundle; includeInIndex = 0; path = BTBaseSDKUI.bundle; sourceTree = BUILT_PRODUCTS_DIR; };
		E754A25F20C3A9D5006F36EB /* Info.plist */ = {isa = PBXFileReference; lastKnownFileType = text.plist.xml; path = Info.plist; sourceTree = "<group>"; };
		E754A27120C3C077006F36EB /* ArrayUtil.swift */ = {isa = PBXFileReference; fileEncoding = 4; lastKnownFileType = sourcecode.swift; path = ArrayUtil.swift; sourceTree = "<group>"; };
		E754A27220C3C077006F36EB /* BahamutCommon.h */ = {isa = PBXFileReference; fileEncoding = 4; lastKnownFileType = sourcecode.c.h; path = BahamutCommon.h; sourceTree = "<group>"; };
		E754A27320C3C077006F36EB /* BahamutCommonLocalized.swift */ = {isa = PBXFileReference; fileEncoding = 4; lastKnownFileType = sourcecode.swift; path = BahamutCommonLocalized.swift; sourceTree = "<group>"; };
		E754A27720C3C077006F36EB /* Base */ = {isa = PBXFileReference; lastKnownFileType = text.plist.strings; name = Base; path = Base.lproj/BahamutCommonLocalized.strings; sourceTree = "<group>"; };
		E754A27920C3C077006F36EB /* MF_Base64Additions.h */ = {isa = PBXFileReference; fileEncoding = 4; lastKnownFileType = sourcecode.c.h; path = MF_Base64Additions.h; sourceTree = "<group>"; };
		E754A27A20C3C077006F36EB /* MF_Base64Additions.m */ = {isa = PBXFileReference; fileEncoding = 4; lastKnownFileType = sourcecode.c.objc; path = MF_Base64Additions.m; sourceTree = "<group>"; };
		E754A27B20C3C077006F36EB /* CommonExtension.swift */ = {isa = PBXFileReference; fileEncoding = 4; lastKnownFileType = sourcecode.swift; path = CommonExtension.swift; sourceTree = "<group>"; };
		E754A27C20C3C077006F36EB /* CommonValueCast.swift */ = {isa = PBXFileReference; fileEncoding = 4; lastKnownFileType = sourcecode.swift; path = CommonValueCast.swift; sourceTree = "<group>"; };
		E754A27D20C3C077006F36EB /* DateHelper.swift */ = {isa = PBXFileReference; fileEncoding = 4; lastKnownFileType = sourcecode.swift; path = DateHelper.swift; sourceTree = "<group>"; };
		E754A27F20C3C077006F36EB /* GameCenterHelper.swift */ = {isa = PBXFileReference; fileEncoding = 4; lastKnownFileType = sourcecode.swift; path = GameCenterHelper.swift; sourceTree = "<group>"; };
		E754A28020C3C077006F36EB /* IDUtil.swift */ = {isa = PBXFileReference; fileEncoding = 4; lastKnownFileType = sourcecode.swift; path = IDUtil.swift; sourceTree = "<group>"; };
		E754A28120C3C077006F36EB /* Math.swift */ = {isa = PBXFileReference; fileEncoding = 4; lastKnownFileType = sourcecode.swift; path = Math.swift; sourceTree = "<group>"; };
		E754A28220C3C077006F36EB /* NetworkReachability.swift */ = {isa = PBXFileReference; fileEncoding = 4; lastKnownFileType = sourcecode.swift; path = NetworkReachability.swift; sourceTree = "<group>"; };
		E754A28320C3C077006F36EB /* NormalDistribution.swift */ = {isa = PBXFileReference; fileEncoding = 4; lastKnownFileType = sourcecode.swift; path = NormalDistribution.swift; sourceTree = "<group>"; };
		E754A28420C3C077006F36EB /* RegexUtil.swift */ = {isa = PBXFileReference; fileEncoding = 4; lastKnownFileType = sourcecode.swift; path = RegexUtil.swift; sourceTree = "<group>"; };
		E754A28520C3C077006F36EB /* String+MD5.swift */ = {isa = PBXFileReference; fileEncoding = 4; lastKnownFileType = sourcecode.swift; path = "String+MD5.swift"; sourceTree = "<group>"; };
		E754A28620C3C077006F36EB /* StringHelper.swift */ = {isa = PBXFileReference; fileEncoding = 4; lastKnownFileType = sourcecode.swift; path = StringHelper.swift; sourceTree = "<group>"; };
		E754A28720C3C077006F36EB /* UserSetting.swift */ = {isa = PBXFileReference; fileEncoding = 4; lastKnownFileType = sourcecode.swift; path = UserSetting.swift; sourceTree = "<group>"; };
		E754A28820C3C077006F36EB /* zh-Hans */ = {isa = PBXFileReference; lastKnownFileType = text.plist.strings; name = "zh-Hans"; path = "zh-Hans.lproj/BahamutCommonLocalized.strings"; sourceTree = "<group>"; };
		E754A2A320C3C4CC006F36EB /* module.modulemap */ = {isa = PBXFileReference; lastKnownFileType = "sourcecode.module-map"; path = module.modulemap; sourceTree = "<group>"; };
		E754A2A420C3CFEA006F36EB /* BTGameWall.swift */ = {isa = PBXFileReference; lastKnownFileType = sourcecode.swift; path = BTGameWall.swift; sourceTree = "<group>"; };
		E754A2F020C3EB55006F36EB /* BTBaseSDKBundleExtensions.swift */ = {isa = PBXFileReference; lastKnownFileType = sourcecode.swift; path = BTBaseSDKBundleExtensions.swift; sourceTree = "<group>"; };
		E754A31020C3EC6B006F36EB /* SDKTest.app */ = {isa = PBXFileReference; explicitFileType = wrapper.application; includeInIndex = 0; path = SDKTest.app; sourceTree = BUILT_PRODUCTS_DIR; };
		E754A31220C3EC6B006F36EB /* AppDelegate.swift */ = {isa = PBXFileReference; lastKnownFileType = sourcecode.swift; path = AppDelegate.swift; sourceTree = "<group>"; };
		E754A31420C3EC6B006F36EB /* ViewController.swift */ = {isa = PBXFileReference; lastKnownFileType = sourcecode.swift; path = ViewController.swift; sourceTree = "<group>"; };
		E754A31720C3EC6B006F36EB /* Base */ = {isa = PBXFileReference; lastKnownFileType = file.storyboard; name = Base; path = Base.lproj/Main.storyboard; sourceTree = "<group>"; };
		E754A31920C3EC6C006F36EB /* Assets.xcassets */ = {isa = PBXFileReference; lastKnownFileType = folder.assetcatalog; path = Assets.xcassets; sourceTree = "<group>"; };
		E754A31C20C3EC6C006F36EB /* Base */ = {isa = PBXFileReference; lastKnownFileType = file.storyboard; name = Base; path = Base.lproj/LaunchScreen.storyboard; sourceTree = "<group>"; };
		E754A31E20C3EC6C006F36EB /* Info.plist */ = {isa = PBXFileReference; lastKnownFileType = text.plist.xml; path = Info.plist; sourceTree = "<group>"; };
		E754A32A20C3F1C0006F36EB /* BTBaseHomeController.swift */ = {isa = PBXFileReference; lastKnownFileType = sourcecode.swift; path = BTBaseHomeController.swift; sourceTree = "<group>"; };
		E75B5E0C20C8E4BE005BE4FB /* zh-Hans */ = {isa = PBXFileReference; lastKnownFileType = text.plist.strings; name = "zh-Hans"; path = "zh-Hans.lproj/Main.strings"; sourceTree = "<group>"; };
		E75B5E0E20C8E4BE005BE4FB /* zh-Hant */ = {isa = PBXFileReference; lastKnownFileType = text.plist.strings; name = "zh-Hant"; path = "zh-Hant.lproj/Main.strings"; sourceTree = "<group>"; };
		E75B5E1120C8F467005BE4FB /* AutoGenStrings.py */ = {isa = PBXFileReference; fileEncoding = 4; lastKnownFileType = text.script.python; path = AutoGenStrings.py; sourceTree = "<group>"; };
		E75B5E1620C8F558005BE4FB /* Base */ = {isa = PBXFileReference; lastKnownFileType = file.storyboard; name = Base; path = Base.lproj/BTBaseMainStoryboard.storyboard; sourceTree = "<group>"; };
		E75B5E1920C8F5BE005BE4FB /* zh-Hans */ = {isa = PBXFileReference; lastKnownFileType = text.plist.strings; name = "zh-Hans"; path = "zh-Hans.lproj/BTBaseMainStoryboard.strings"; sourceTree = "<group>"; };
		E75D400F20C4B01700BEAF79 /* BTServiceContainer.swift */ = {isa = PBXFileReference; lastKnownFileType = sourcecode.swift; path = BTServiceContainer.swift; sourceTree = "<group>"; };
		E75D401120C4C54900BEAF79 /* BTAPIRequest.swift */ = {isa = PBXFileReference; lastKnownFileType = sourcecode.swift; path = BTAPIRequest.swift; sourceTree = "<group>"; };
		E75D401320C4C56F00BEAF79 /* BTAPIResult.swift */ = {isa = PBXFileReference; lastKnownFileType = sourcecode.swift; path = BTAPIResult.swift; sourceTree = "<group>"; };
		E75D401520C516DF00BEAF79 /* CommonRegexPatterns.swift */ = {isa = PBXFileReference; lastKnownFileType = sourcecode.swift; path = CommonRegexPatterns.swift; sourceTree = "<group>"; };
		E75D401720C518F200BEAF79 /* BahamutTextView.swift */ = {isa = PBXFileReference; fileEncoding = 4; lastKnownFileType = sourcecode.swift; path = BahamutTextView.swift; sourceTree = "<group>"; };
		E75D401B20C518F200BEAF79 /* UIAnimationHelper.swift */ = {isa = PBXFileReference; fileEncoding = 4; lastKnownFileType = sourcecode.swift; path = UIAnimationHelper.swift; sourceTree = "<group>"; };
		E75D401C20C518F200BEAF79 /* UIView+Boom.h */ = {isa = PBXFileReference; fileEncoding = 4; lastKnownFileType = sourcecode.c.h; path = "UIView+Boom.h"; sourceTree = "<group>"; };
		E75D401D20C518F200BEAF79 /* UIView+Boom.m */ = {isa = PBXFileReference; fileEncoding = 4; lastKnownFileType = sourcecode.c.objc; path = "UIView+Boom.m"; sourceTree = "<group>"; };
		E75D401E20C518F200BEAF79 /* MailHelper.swift */ = {isa = PBXFileReference; fileEncoding = 4; lastKnownFileType = sourcecode.swift; path = MailHelper.swift; sourceTree = "<group>"; };
		E75D402020C518F200BEAF79 /* UICollectionViewFlowLayouts.swift */ = {isa = PBXFileReference; fileEncoding = 4; lastKnownFileType = sourcecode.swift; path = UICollectionViewFlowLayouts.swift; sourceTree = "<group>"; };
		E75D402120C518F200BEAF79 /* UIImagePicker+SourceAlert.swift */ = {isa = PBXFileReference; fileEncoding = 4; lastKnownFileType = sourcecode.swift; path = "UIImagePicker+SourceAlert.swift"; sourceTree = "<group>"; };
		E75D402320C518F200BEAF79 /* SimpleBrowser.swift */ = {isa = PBXFileReference; fileEncoding = 4; lastKnownFileType = sourcecode.swift; path = SimpleBrowser.swift; sourceTree = "<group>"; };
		E75D402420C518F200BEAF79 /* Integer+FriendlyString.swift */ = {isa = PBXFileReference; fileEncoding = 4; lastKnownFileType = sourcecode.swift; path = "Integer+FriendlyString.swift"; sourceTree = "<group>"; };
		E75D402520C518F200BEAF79 /* SystemSoundHelper.swift */ = {isa = PBXFileReference; fileEncoding = 4; lastKnownFileType = sourcecode.swift; path = SystemSoundHelper.swift; sourceTree = "<group>"; };
		E75D402620C518F200BEAF79 /* ToastHelper.swift */ = {isa = PBXFileReference; fileEncoding = 4; lastKnownFileType = sourcecode.swift; path = ToastHelper.swift; sourceTree = "<group>"; };
		E75D402920C518F300BEAF79 /* ImageUtil.swift */ = {isa = PBXFileReference; fileEncoding = 4; lastKnownFileType = sourcecode.swift; path = ImageUtil.swift; sourceTree = "<group>"; };
		E75D402A20C518F300BEAF79 /* LockScreenHelper.swift */ = {isa = PBXFileReference; fileEncoding = 4; lastKnownFileType = sourcecode.swift; path = LockScreenHelper.swift; sourceTree = "<group>"; };
		E75D402B20C518F300BEAF79 /* ControllerExtension.swift */ = {isa = PBXFileReference; fileEncoding = 4; lastKnownFileType = sourcecode.swift; path = ControllerExtension.swift; sourceTree = "<group>"; };
		E75D402D20C518F300BEAF79 /* HSL.swift */ = {isa = PBXFileReference; fileEncoding = 4; lastKnownFileType = sourcecode.swift; path = HSL.swift; sourceTree = "<group>"; };
		E75D402E20C518F300BEAF79 /* UIColor.swift */ = {isa = PBXFileReference; fileEncoding = 4; lastKnownFileType = sourcecode.swift; path = UIColor.swift; sourceTree = "<group>"; };
		E75D402F20C518F300BEAF79 /* KeyboardAdjustHelper.swift */ = {isa = PBXFileReference; fileEncoding = 4; lastKnownFileType = sourcecode.swift; path = KeyboardAdjustHelper.swift; sourceTree = "<group>"; };
		E75D403020C518F300BEAF79 /* PaddingLabel.swift */ = {isa = PBXFileReference; fileEncoding = 4; lastKnownFileType = sourcecode.swift; path = PaddingLabel.swift; sourceTree = "<group>"; };
		E75D403120C518F300BEAF79 /* ShareHelper.swift */ = {isa = PBXFileReference; fileEncoding = 4; lastKnownFileType = sourcecode.swift; path = ShareHelper.swift; sourceTree = "<group>"; };
		E75D403220C518F300BEAF79 /* UIView+RemoveChildView.swift */ = {isa = PBXFileReference; fileEncoding = 4; lastKnownFileType = sourcecode.swift; path = "UIView+RemoveChildView.swift"; sourceTree = "<group>"; };
		E75D403320C518F300BEAF79 /* TableViewEx.swift */ = {isa = PBXFileReference; fileEncoding = 4; lastKnownFileType = sourcecode.swift; path = TableViewEx.swift; sourceTree = "<group>"; };
		E76E76A120C58260008F61BA /* Base */ = {isa = PBXFileReference; lastKnownFileType = text.plist.strings; name = Base; path = Base.lproj/BTBaseLocalized.strings; sourceTree = "<group>"; };
		E76E76A220C58266008F61BA /* zh-Hans */ = {isa = PBXFileReference; lastKnownFileType = text.plist.strings; name = "zh-Hans"; path = "zh-Hans.lproj/BTBaseLocalized.strings"; sourceTree = "<group>"; };
		E76E76A320C582F9008F61BA /* zh-Hant */ = {isa = PBXFileReference; lastKnownFileType = text.plist.strings; name = "zh-Hant"; path = "zh-Hant.lproj/BTBaseLocalized.strings"; sourceTree = "<group>"; };
		E76E76A420C584D9008F61BA /* zh-Hant */ = {isa = PBXFileReference; lastKnownFileType = text.plist.strings; name = "zh-Hant"; path = "zh-Hant.lproj/BahamutCommonLocalized.strings"; sourceTree = "<group>"; };
		E788686320C2F981008E0E8D /* BTBaseSDK.framework */ = {isa = PBXFileReference; explicitFileType = wrapper.framework; includeInIndex = 0; path = BTBaseSDK.framework; sourceTree = BUILT_PRODUCTS_DIR; };
		E788686620C2F981008E0E8D /* iOSSDK.h */ = {isa = PBXFileReference; lastKnownFileType = sourcecode.c.h; path = iOSSDK.h; sourceTree = "<group>"; };
		E788686720C2F981008E0E8D /* Info.plist */ = {isa = PBXFileReference; lastKnownFileType = text.plist.xml; path = Info.plist; sourceTree = "<group>"; };
		E788687220C2FA77008E0E8D /* BTServiceDBContext.swift */ = {isa = PBXFileReference; lastKnownFileType = sourcecode.swift; path = BTServiceDBContext.swift; sourceTree = "<group>"; };
		E788687520C2FDF5008E0E8D /* Models.swift */ = {isa = PBXFileReference; lastKnownFileType = sourcecode.swift; path = Models.swift; sourceTree = "<group>"; };
		E788687720C3017D008E0E8D /* BTServiceConst.swift */ = {isa = PBXFileReference; lastKnownFileType = sourcecode.swift; path = BTServiceConst.swift; sourceTree = "<group>"; };
		E788687A20C30390008E0E8D /* GameWallViewController.swift */ = {isa = PBXFileReference; lastKnownFileType = sourcecode.swift; path = GameWallViewController.swift; sourceTree = "<group>"; };
		E788687C20C303A2008E0E8D /* MemberViewController.swift */ = {isa = PBXFileReference; lastKnownFileType = sourcecode.swift; path = MemberViewController.swift; sourceTree = "<group>"; };
		E788687E20C303BA008E0E8D /* AccountViewController.swift */ = {isa = PBXFileReference; lastKnownFileType = sourcecode.swift; path = AccountViewController.swift; sourceTree = "<group>"; };
		E788688020C30429008E0E8D /* BTSessionService.swift */ = {isa = PBXFileReference; lastKnownFileType = sourcecode.swift; path = BTSessionService.swift; sourceTree = "<group>"; };
		E788688220C30435008E0E8D /* BTAccountService.swift */ = {isa = PBXFileReference; lastKnownFileType = sourcecode.swift; path = BTAccountService.swift; sourceTree = "<group>"; };
		E788688420C3043E008E0E8D /* BTMemberService.swift */ = {isa = PBXFileReference; lastKnownFileType = sourcecode.swift; path = BTMemberService.swift; sourceTree = "<group>"; };
		E78B405F20C6C4930049ED91 /* FileManager+Paths.swift */ = {isa = PBXFileReference; lastKnownFileType = sourcecode.swift; path = "FileManager+Paths.swift"; sourceTree = "<group>"; };
		E78B406120C6CA060049ED91 /* btbase.plist */ = {isa = PBXFileReference; lastKnownFileType = text.plist.xml; path = btbase.plist; sourceTree = "<group>"; };
		E791C88B20C97DD0003E36A1 /* BTBaseConfig.swift */ = {isa = PBXFileReference; lastKnownFileType = sourcecode.swift; path = BTBaseConfig.swift; sourceTree = "<group>"; };
		E791C88D20C9897F003E36A1 /* DispatchQueue+Extensions.swift */ = {isa = PBXFileReference; lastKnownFileType = sourcecode.swift; path = "DispatchQueue+Extensions.swift"; sourceTree = "<group>"; };
		E7C105B720C628EA001BFB11 /* Models+FMDB.swift */ = {isa = PBXFileReference; lastKnownFileType = sourcecode.swift; path = "Models+FMDB.swift"; sourceTree = "<group>"; };
		E7C105B920C62ECB001BFB11 /* BTAPIClientProfile+DeviceInfo.swift */ = {isa = PBXFileReference; lastKnownFileType = sourcecode.swift; path = "BTAPIClientProfile+DeviceInfo.swift"; sourceTree = "<group>"; };
		E7C105BB20C62FE5001BFB11 /* BTServiceInfo.swift */ = {isa = PBXFileReference; lastKnownFileType = sourcecode.swift; path = BTServiceInfo.swift; sourceTree = "<group>"; };
		E7C105BD20C63649001BFB11 /* UIDeviceExtensions.swift */ = {isa = PBXFileReference; lastKnownFileType = sourcecode.swift; path = UIDeviceExtensions.swift; sourceTree = "<group>"; };
		E7C105BF20C6389E001BFB11 /* LocaleExtensions.swift */ = {isa = PBXFileReference; lastKnownFileType = sourcecode.swift; path = LocaleExtensions.swift; sourceTree = "<group>"; };
/* End PBXFileReference section */

/* Begin PBXFrameworksBuildPhase section */
		E754A25A20C3A9D5006F36EB /* Frameworks */ = {
			isa = PBXFrameworksBuildPhase;
			buildActionMask = 2147483647;
			files = (
			);
			runOnlyForDeploymentPostprocessing = 0;
		};
		E754A30D20C3EC6B006F36EB /* Frameworks */ = {
			isa = PBXFrameworksBuildPhase;
			buildActionMask = 2147483647;
			files = (
				E73E6AA820C55E54000A4B2E /* BTBaseSDK.framework in Frameworks */,
				E762E757F4FCD43FB92D28ED /* Pods_SDKTest.framework in Frameworks */,
			);
			runOnlyForDeploymentPostprocessing = 0;
		};
		E788685F20C2F981008E0E8D /* Frameworks */ = {
			isa = PBXFrameworksBuildPhase;
			buildActionMask = 2147483647;
			files = (
				8179EF76D881D6FCAA8998EC /* Pods_BTBaseSDK.framework in Frameworks */,
			);
			runOnlyForDeploymentPostprocessing = 0;
		};
/* End PBXFrameworksBuildPhase section */

/* Begin PBXGroup section */
		9014ED23A3FE64373C69320B /* Pods */ = {
			isa = PBXGroup;
			children = (
				1B5974EA4A52598493238C54 /* Pods-iOSSDK.debug.xcconfig */,
				7CFCC91E1A04E91302F6FB02 /* Pods-iOSSDK.release.xcconfig */,
				197259A5692423664D182705 /* Pods-SDKTest.debug.xcconfig */,
				62FF0676A78305323D1BB70A /* Pods-SDKTest.release.xcconfig */,
				65D6C8E0EA77D734511F995D /* Pods-BTBaseSDK.debug.xcconfig */,
				048F9DC096F966E62392A9CF /* Pods-BTBaseSDK.release.xcconfig */,
			);
			name = Pods;
			sourceTree = "<group>";
		};
		9DB69D6EC2B9B4572DB70441 /* Frameworks */ = {
			isa = PBXGroup;
			children = (
				4531C44A13261D44B8638835 /* Pods_BTBaseSDK.framework */,
				D43C41BC1966FFE0308B117A /* Pods_SDKTest.framework */,
			);
			name = Frameworks;
			sourceTree = "<group>";
		};
		E740BC3F20C786A7001C13F1 /* BTDBEntiryFramework */ = {
			isa = PBXGroup;
			children = (
				E740BC4620C78875001C13F1 /* SQLite */,
				E740BC4020C786C6001C13F1 /* BTDBEntity.swift */,
				E740BC4220C7871E001C13F1 /* BTDBTableSet.swift */,
				E740BC4420C78791001C13F1 /* BTDBContext.swift */,
			);
			path = BTDBEntiryFramework;
			sourceTree = "<group>";
		};
		E740BC4620C78875001C13F1 /* SQLite */ = {
			isa = PBXGroup;
			children = (
				E740BC4720C78888001C13F1 /* SQLiteDbContext.swift */,
				E740BC4920C788CE001C13F1 /* SQLiteHelper.swift */,
				E740BC4B20C78C73001C13F1 /* SQLiteTableSet.swift */,
			);
			path = SQLite;
			sourceTree = "<group>";
		};
		E754A1DD20C38232006F36EB /* Libs */ = {
			isa = PBXGroup;
			children = (
				E754A2A920C3E042006F36EB /* BTUIKit */,
				E754A26F20C3C077006F36EB /* BahamutCommon */,
			);
			path = Libs;
			sourceTree = "<group>";
		};
		E754A1E920C389C2006F36EB /* BTAPIClient */ = {
			isa = PBXGroup;
			children = (
				E754A1EA20C389DD006F36EB /* BTAPIClient.swift */,
				E75D401120C4C54900BEAF79 /* BTAPIRequest.swift */,
				E75D401320C4C56F00BEAF79 /* BTAPIResult.swift */,
				E7C105B920C62ECB001BFB11 /* BTAPIClientProfile+DeviceInfo.swift */,
			);
			path = BTAPIClient;
			sourceTree = "<group>";
		};
		E754A1EC20C393FC006F36EB /* APIRequests */ = {
			isa = PBXGroup;
			children = (
				E754A1ED20C39411006F36EB /* BTAccountAPI.swift */,
				E754A1EF20C3957D006F36EB /* BTMemberAPI.swift */,
				E754A1F120C396BA006F36EB /* BTSessionAPI.swift */,
			);
			path = APIRequests;
			sourceTree = "<group>";
		};
		E754A25820C3A88D006F36EB /* UI */ = {
			isa = PBXGroup;
			children = (
				E754A32A20C3F1C0006F36EB /* BTBaseHomeController.swift */,
				E754A2F020C3EB55006F36EB /* BTBaseSDKBundleExtensions.swift */,
				E788687A20C30390008E0E8D /* GameWallViewController.swift */,
				E788687C20C303A2008E0E8D /* MemberViewController.swift */,
				E788687E20C303BA008E0E8D /* AccountViewController.swift */,
				E738006120C44DAF0043A201 /* UpdateEmailViewController.swift */,
				E738006320C44DC20043A201 /* UpdatePasswordViewController.swift */,
				E738006520C44DCF0043A201 /* UpdateNickViewController.swift */,
				E738006720C452D00043A201 /* SignInViewController.swift */,
				E738006920C452DC0043A201 /* SignUpViewController.swift */,
				E738006B20C452EB0043A201 /* ForgetPasswordViewController.swift */,
			);
			path = UI;
			sourceTree = "<group>";
		};
		E754A25E20C3A9D5006F36EB /* SDKUI */ = {
			isa = PBXGroup;
			children = (
				E75B5E1120C8F467005BE4FB /* AutoGenStrings.py */,
				E75B5E1720C8F558005BE4FB /* BTBaseMainStoryboard.storyboard */,
				E754A1F320C39925006F36EB /* Media.xcassets */,
				E754A25F20C3A9D5006F36EB /* Info.plist */,
				E76E76A020C58246008F61BA /* BTBaseLocalized.strings */,
			);
			path = SDKUI;
			sourceTree = "<group>";
		};
		E754A26F20C3C077006F36EB /* BahamutCommon */ = {
			isa = PBXGroup;
			children = (
				E754A27120C3C077006F36EB /* ArrayUtil.swift */,
				E754A27220C3C077006F36EB /* BahamutCommon.h */,
				E754A27320C3C077006F36EB /* BahamutCommonLocalized.swift */,
				E754A27620C3C077006F36EB /* BahamutCommonLocalized.strings */,
				E754A27820C3C077006F36EB /* Base64 */,
				E754A27B20C3C077006F36EB /* CommonExtension.swift */,
				E754A27C20C3C077006F36EB /* CommonValueCast.swift */,
				E754A27D20C3C077006F36EB /* DateHelper.swift */,
				E754A27F20C3C077006F36EB /* GameCenterHelper.swift */,
				E754A28020C3C077006F36EB /* IDUtil.swift */,
				E754A28120C3C077006F36EB /* Math.swift */,
				E754A28220C3C077006F36EB /* NetworkReachability.swift */,
				E754A28320C3C077006F36EB /* NormalDistribution.swift */,
				E754A28420C3C077006F36EB /* RegexUtil.swift */,
				E754A28520C3C077006F36EB /* String+MD5.swift */,
				E754A28620C3C077006F36EB /* StringHelper.swift */,
				E754A28720C3C077006F36EB /* UserSetting.swift */,
				E754A2A320C3C4CC006F36EB /* module.modulemap */,
				E75D401520C516DF00BEAF79 /* CommonRegexPatterns.swift */,
				E791C88D20C9897F003E36A1 /* DispatchQueue+Extensions.swift */,
			);
			path = BahamutCommon;
			sourceTree = "<group>";
		};
		E754A27820C3C077006F36EB /* Base64 */ = {
			isa = PBXGroup;
			children = (
				E754A27920C3C077006F36EB /* MF_Base64Additions.h */,
				E754A27A20C3C077006F36EB /* MF_Base64Additions.m */,
			);
			path = Base64;
			sourceTree = "<group>";
		};
		E754A2A920C3E042006F36EB /* BTUIKit */ = {
			isa = PBXGroup;
			children = (
				E75D401A20C518F200BEAF79 /* Animation */,
				E75D401720C518F200BEAF79 /* BahamutTextView.swift */,
				E75D402B20C518F300BEAF79 /* ControllerExtension.swift */,
				E75D402C20C518F300BEAF79 /* DynamicColor */,
				E75D402920C518F300BEAF79 /* ImageUtil.swift */,
				E75D402420C518F200BEAF79 /* Integer+FriendlyString.swift */,
				E75D402F20C518F300BEAF79 /* KeyboardAdjustHelper.swift */,
				E75D402A20C518F300BEAF79 /* LockScreenHelper.swift */,
				E75D401E20C518F200BEAF79 /* MailHelper.swift */,
				E75D403020C518F300BEAF79 /* PaddingLabel.swift */,
				E75D403120C518F300BEAF79 /* ShareHelper.swift */,
				E75D402320C518F200BEAF79 /* SimpleBrowser.swift */,
				E75D402520C518F200BEAF79 /* SystemSoundHelper.swift */,
				E75D403320C518F300BEAF79 /* TableViewEx.swift */,
				E75D402620C518F200BEAF79 /* ToastHelper.swift */,
				E75D402020C518F200BEAF79 /* UICollectionViewFlowLayouts.swift */,
				E75D402120C518F200BEAF79 /* UIImagePicker+SourceAlert.swift */,
				E75D403220C518F300BEAF79 /* UIView+RemoveChildView.swift */,
				E7C105BD20C63649001BFB11 /* UIDeviceExtensions.swift */,
				E7C105BF20C6389E001BFB11 /* LocaleExtensions.swift */,
				E78B405F20C6C4930049ED91 /* FileManager+Paths.swift */,
			);
			path = BTUIKit;
			sourceTree = "<group>";
		};
		E754A31120C3EC6B006F36EB /* SDKTest */ = {
			isa = PBXGroup;
			children = (
				E754A31220C3EC6B006F36EB /* AppDelegate.swift */,
				E754A31420C3EC6B006F36EB /* ViewController.swift */,
				E754A31620C3EC6B006F36EB /* Main.storyboard */,
				E754A31920C3EC6C006F36EB /* Assets.xcassets */,
				E754A31B20C3EC6C006F36EB /* LaunchScreen.storyboard */,
				E754A31E20C3EC6C006F36EB /* Info.plist */,
				E78B406120C6CA060049ED91 /* btbase.plist */,
			);
			path = SDKTest;
			sourceTree = "<group>";
		};
		E75D401A20C518F200BEAF79 /* Animation */ = {
			isa = PBXGroup;
			children = (
				E75D401B20C518F200BEAF79 /* UIAnimationHelper.swift */,
				E75D401C20C518F200BEAF79 /* UIView+Boom.h */,
				E75D401D20C518F200BEAF79 /* UIView+Boom.m */,
			);
			path = Animation;
			sourceTree = "<group>";
		};
		E75D402C20C518F300BEAF79 /* DynamicColor */ = {
			isa = PBXGroup;
			children = (
				E75D402D20C518F300BEAF79 /* HSL.swift */,
				E75D402E20C518F300BEAF79 /* UIColor.swift */,
			);
			path = DynamicColor;
			sourceTree = "<group>";
		};
		E788685920C2F981008E0E8D = {
			isa = PBXGroup;
			children = (
				E754A1DB20C37EFB006F36EB /* Podfile */,
				E788686520C2F981008E0E8D /* iOSSDK */,
				E754A25E20C3A9D5006F36EB /* SDKUI */,
				E754A31120C3EC6B006F36EB /* SDKTest */,
				E788686420C2F981008E0E8D /* Products */,
				9014ED23A3FE64373C69320B /* Pods */,
				9DB69D6EC2B9B4572DB70441 /* Frameworks */,
			);
			sourceTree = "<group>";
		};
		E788686420C2F981008E0E8D /* Products */ = {
			isa = PBXGroup;
			children = (
				E788686320C2F981008E0E8D /* BTBaseSDK.framework */,
				E754A25D20C3A9D5006F36EB /* BTBaseSDKUI.bundle */,
				E754A31020C3EC6B006F36EB /* SDKTest.app */,
			);
			name = Products;
			sourceTree = "<group>";
		};
		E788686520C2F981008E0E8D /* iOSSDK */ = {
			isa = PBXGroup;
			children = (
				E754A1DD20C38232006F36EB /* Libs */,
				E788687420C2FDBE008E0E8D /* Models */,
				E740BC3F20C786A7001C13F1 /* BTDBEntiryFramework */,
				E788687120C2FA34008E0E8D /* Services */,
				E754A25820C3A88D006F36EB /* UI */,
				E788686620C2F981008E0E8D /* iOSSDK.h */,
				E788686720C2F981008E0E8D /* Info.plist */,
			);
			path = iOSSDK;
			sourceTree = "<group>";
		};
		E788687120C2FA34008E0E8D /* Services */ = {
			isa = PBXGroup;
			children = (
				E754A1EC20C393FC006F36EB /* APIRequests */,
				E754A1E920C389C2006F36EB /* BTAPIClient */,
				E788687220C2FA77008E0E8D /* BTServiceDBContext.swift */,
				E788688020C30429008E0E8D /* BTSessionService.swift */,
				E788688220C30435008E0E8D /* BTAccountService.swift */,
				E788688420C3043E008E0E8D /* BTMemberService.swift */,
				E754A2A420C3CFEA006F36EB /* BTGameWall.swift */,
				E75D400F20C4B01700BEAF79 /* BTServiceContainer.swift */,
				E724679F20C69A92003641C0 /* BTBaseSDKManager.swift */,
				E791C88B20C97DD0003E36A1 /* BTBaseConfig.swift */,
			);
			path = Services;
			sourceTree = "<group>";
		};
		E788687420C2FDBE008E0E8D /* Models */ = {
			isa = PBXGroup;
			children = (
				E788687520C2FDF5008E0E8D /* Models.swift */,
				E788687720C3017D008E0E8D /* BTServiceConst.swift */,
				E7C105B720C628EA001BFB11 /* Models+FMDB.swift */,
				E7C105BB20C62FE5001BFB11 /* BTServiceInfo.swift */,
				E740BC3D20C77F81001C13F1 /* BTAccount+BTDB.swift */,
				E740BC4D20C7B93C001C13F1 /* BTAccountSession+BTDB.swift */,
				E740BC4F20C7BA32001C13F1 /* BTMember+BTDB.swift */,
			);
			path = Models;
			sourceTree = "<group>";
		};
/* End PBXGroup section */

/* Begin PBXHeadersBuildPhase section */
		E788686020C2F981008E0E8D /* Headers */ = {
			isa = PBXHeadersBuildPhase;
			buildActionMask = 2147483647;
			files = (
				E75D403820C518F300BEAF79 /* UIView+Boom.h in Headers */,
				E754A28B20C3C077006F36EB /* BahamutCommon.h in Headers */,
				E754A29020C3C077006F36EB /* MF_Base64Additions.h in Headers */,
				E788686820C2F981008E0E8D /* iOSSDK.h in Headers */,
			);
			runOnlyForDeploymentPostprocessing = 0;
		};
/* End PBXHeadersBuildPhase section */

/* Begin PBXNativeTarget section */
		E754A25C20C3A9D5006F36EB /* BTBaseSDKUI */ = {
			isa = PBXNativeTarget;
			buildConfigurationList = E754A26020C3A9D5006F36EB /* Build configuration list for PBXNativeTarget "BTBaseSDKUI" */;
			buildPhases = (
				E754A25920C3A9D5006F36EB /* Sources */,
				E754A25A20C3A9D5006F36EB /* Frameworks */,
				E754A25B20C3A9D5006F36EB /* Resources */,
				E75B5E1420C8F4C0005BE4FB /* ShellScript */,
			);
			buildRules = (
			);
			dependencies = (
			);
			name = BTBaseSDKUI;
			productName = SDKUI;
			productReference = E754A25D20C3A9D5006F36EB /* BTBaseSDKUI.bundle */;
			productType = "com.apple.product-type.bundle";
		};
		E754A30F20C3EC6B006F36EB /* SDKTest */ = {
			isa = PBXNativeTarget;
			buildConfigurationList = E754A31F20C3EC6C006F36EB /* Build configuration list for PBXNativeTarget "SDKTest" */;
			buildPhases = (
				FABEE6F60FB3214552B7007E /* [CP] Check Pods Manifest.lock */,
				E754A30C20C3EC6B006F36EB /* Sources */,
				E754A30D20C3EC6B006F36EB /* Frameworks */,
				E754A30E20C3EC6B006F36EB /* Resources */,
				2F598599A1D196E63CC7510A /* [CP] Embed Pods Frameworks */,
				E73E6AAC20C55E54000A4B2E /* Embed Frameworks */,
			);
			buildRules = (
			);
			dependencies = (
				E73E6AAB20C55E54000A4B2E /* PBXTargetDependency */,
			);
			name = SDKTest;
			productName = SDKTest;
			productReference = E754A31020C3EC6B006F36EB /* SDKTest.app */;
			productType = "com.apple.product-type.application";
		};
		E788686220C2F981008E0E8D /* BTBaseSDK */ = {
			isa = PBXNativeTarget;
			buildConfigurationList = E788686B20C2F981008E0E8D /* Build configuration list for PBXNativeTarget "BTBaseSDK" */;
			buildPhases = (
				F52D72D6A16C312E868E95F3 /* [CP] Check Pods Manifest.lock */,
				E788685E20C2F981008E0E8D /* Sources */,
				E788685F20C2F981008E0E8D /* Frameworks */,
				E788686020C2F981008E0E8D /* Headers */,
				E788686120C2F981008E0E8D /* Resources */,
			);
			buildRules = (
			);
			dependencies = (
			);
			name = BTBaseSDK;
			productName = iOSSDK;
			productReference = E788686320C2F981008E0E8D /* BTBaseSDK.framework */;
			productType = "com.apple.product-type.framework";
		};
/* End PBXNativeTarget section */

/* Begin PBXProject section */
		E788685A20C2F981008E0E8D /* Project object */ = {
			isa = PBXProject;
			attributes = {
				LastSwiftUpdateCheck = 0930;
				LastUpgradeCheck = 0930;
				ORGANIZATIONNAME = btbase;
				TargetAttributes = {
					E754A25C20C3A9D5006F36EB = {
						CreatedOnToolsVersion = 9.3.1;
					};
					E754A30F20C3EC6B006F36EB = {
						CreatedOnToolsVersion = 9.3.1;
					};
					E788686220C2F981008E0E8D = {
						CreatedOnToolsVersion = 9.3.1;
						LastSwiftMigration = 0930;
					};
				};
			};
			buildConfigurationList = E788685D20C2F981008E0E8D /* Build configuration list for PBXProject "iOSSDK" */;
			compatibilityVersion = "Xcode 9.3";
			developmentRegion = en;
			hasScannedForEncodings = 0;
			knownRegions = (
				en,
				Base,
				"zh-Hans",
				"zh-Hant",
			);
			mainGroup = E788685920C2F981008E0E8D;
			productRefGroup = E788686420C2F981008E0E8D /* Products */;
			projectDirPath = "";
			projectRoot = "";
			targets = (
				E788686220C2F981008E0E8D /* BTBaseSDK */,
				E754A25C20C3A9D5006F36EB /* BTBaseSDKUI */,
				E754A30F20C3EC6B006F36EB /* SDKTest */,
			);
		};
/* End PBXProject section */

/* Begin PBXResourcesBuildPhase section */
		E754A25B20C3A9D5006F36EB /* Resources */ = {
			isa = PBXResourcesBuildPhase;
			buildActionMask = 2147483647;
			files = (
				E75B5E1020C8E627005BE4FB /* BahamutCommonLocalized.strings in Resources */,
				E724679C20C691DF003641C0 /* BTBaseLocalized.strings in Resources */,
				E75B5E1520C8F558005BE4FB /* BTBaseMainStoryboard.storyboard in Resources */,
				E754A26320C3AA10006F36EB /* Media.xcassets in Resources */,
			);
			runOnlyForDeploymentPostprocessing = 0;
		};
		E754A30E20C3EC6B006F36EB /* Resources */ = {
			isa = PBXResourcesBuildPhase;
			buildActionMask = 2147483647;
			files = (
				E724679D20C691F5003641C0 /* BTBaseSDK.framework in Resources */,
				E724679E20C691F5003641C0 /* BTBaseSDKUI.bundle in Resources */,
				E754A31D20C3EC6C006F36EB /* LaunchScreen.storyboard in Resources */,
				E78B406220C6CA060049ED91 /* btbase.plist in Resources */,
				E754A31A20C3EC6C006F36EB /* Assets.xcassets in Resources */,
				E754A31820C3EC6B006F36EB /* Main.storyboard in Resources */,
			);
			runOnlyForDeploymentPostprocessing = 0;
		};
		E788686120C2F981008E0E8D /* Resources */ = {
			isa = PBXResourcesBuildPhase;
			buildActionMask = 2147483647;
			files = (
				E754A1DC20C37EFB006F36EB /* Podfile in Resources */,
				E75B5E1220C8F468005BE4FB /* AutoGenStrings.py in Resources */,
			);
			runOnlyForDeploymentPostprocessing = 0;
		};
/* End PBXResourcesBuildPhase section */

/* Begin PBXShellScriptBuildPhase section */
		2F598599A1D196E63CC7510A /* [CP] Embed Pods Frameworks */ = {
			isa = PBXShellScriptBuildPhase;
			buildActionMask = 2147483647;
			files = (
			);
			inputPaths = (
				"${SRCROOT}/Pods/Target Support Files/Pods-SDKTest/Pods-SDKTest-frameworks.sh",
				"${BUILT_PRODUCTS_DIR}/Alamofire/Alamofire.framework",
				"${BUILT_PRODUCTS_DIR}/FMDB/FMDB.framework",
				"${BUILT_PRODUCTS_DIR}/IQKeyboardManagerSwift/IQKeyboardManagerSwift.framework",
				"${BUILT_PRODUCTS_DIR}/MBProgressHUD/MBProgressHUD.framework",
				"${BUILT_PRODUCTS_DIR}/MobilePlayer/MobilePlayer.framework",
				"${BUILT_PRODUCTS_DIR}/SDWebImage/SDWebImage.framework",
				"${BUILT_PRODUCTS_DIR}/SwiftyStoreKit/SwiftyStoreKit.framework",
			);
			name = "[CP] Embed Pods Frameworks";
			outputPaths = (
				"${TARGET_BUILD_DIR}/${FRAMEWORKS_FOLDER_PATH}/Alamofire.framework",
				"${TARGET_BUILD_DIR}/${FRAMEWORKS_FOLDER_PATH}/FMDB.framework",
				"${TARGET_BUILD_DIR}/${FRAMEWORKS_FOLDER_PATH}/IQKeyboardManagerSwift.framework",
				"${TARGET_BUILD_DIR}/${FRAMEWORKS_FOLDER_PATH}/MBProgressHUD.framework",
				"${TARGET_BUILD_DIR}/${FRAMEWORKS_FOLDER_PATH}/MobilePlayer.framework",
				"${TARGET_BUILD_DIR}/${FRAMEWORKS_FOLDER_PATH}/SDWebImage.framework",
				"${TARGET_BUILD_DIR}/${FRAMEWORKS_FOLDER_PATH}/SwiftyStoreKit.framework",
			);
			runOnlyForDeploymentPostprocessing = 0;
			shellPath = /bin/sh;
			shellScript = "\"${SRCROOT}/Pods/Target Support Files/Pods-SDKTest/Pods-SDKTest-frameworks.sh\"\n";
			showEnvVarsInLog = 0;
		};
		E75B5E1420C8F4C0005BE4FB /* ShellScript */ = {
			isa = PBXShellScriptBuildPhase;
			buildActionMask = 2147483647;
			files = (
			);
			inputPaths = (
			);
			outputPaths = (
			);
			runOnlyForDeploymentPostprocessing = 0;
			shellPath = /bin/sh;
			shellScript = "python ${SRCROOT}/SDKUI/AutoGenStrings.py ${SRCROOT}/${TARGET_NAME}";
		};
		F52D72D6A16C312E868E95F3 /* [CP] Check Pods Manifest.lock */ = {
			isa = PBXShellScriptBuildPhase;
			buildActionMask = 2147483647;
			files = (
			);
			inputPaths = (
				"${PODS_PODFILE_DIR_PATH}/Podfile.lock",
				"${PODS_ROOT}/Manifest.lock",
			);
			name = "[CP] Check Pods Manifest.lock";
			outputPaths = (
				"$(DERIVED_FILE_DIR)/Pods-BTBaseSDK-checkManifestLockResult.txt",
			);
			runOnlyForDeploymentPostprocessing = 0;
			shellPath = /bin/sh;
			shellScript = "diff \"${PODS_PODFILE_DIR_PATH}/Podfile.lock\" \"${PODS_ROOT}/Manifest.lock\" > /dev/null\nif [ $? != 0 ] ; then\n    # print error to STDERR\n    echo \"error: The sandbox is not in sync with the Podfile.lock. Run 'pod install' or update your CocoaPods installation.\" >&2\n    exit 1\nfi\n# This output is used by Xcode 'outputs' to avoid re-running this script phase.\necho \"SUCCESS\" > \"${SCRIPT_OUTPUT_FILE_0}\"\n";
			showEnvVarsInLog = 0;
		};
		FABEE6F60FB3214552B7007E /* [CP] Check Pods Manifest.lock */ = {
			isa = PBXShellScriptBuildPhase;
			buildActionMask = 2147483647;
			files = (
			);
			inputPaths = (
				"${PODS_PODFILE_DIR_PATH}/Podfile.lock",
				"${PODS_ROOT}/Manifest.lock",
			);
			name = "[CP] Check Pods Manifest.lock";
			outputPaths = (
				"$(DERIVED_FILE_DIR)/Pods-SDKTest-checkManifestLockResult.txt",
			);
			runOnlyForDeploymentPostprocessing = 0;
			shellPath = /bin/sh;
			shellScript = "diff \"${PODS_PODFILE_DIR_PATH}/Podfile.lock\" \"${PODS_ROOT}/Manifest.lock\" > /dev/null\nif [ $? != 0 ] ; then\n    # print error to STDERR\n    echo \"error: The sandbox is not in sync with the Podfile.lock. Run 'pod install' or update your CocoaPods installation.\" >&2\n    exit 1\nfi\n# This output is used by Xcode 'outputs' to avoid re-running this script phase.\necho \"SUCCESS\" > \"${SCRIPT_OUTPUT_FILE_0}\"\n";
			showEnvVarsInLog = 0;
		};
/* End PBXShellScriptBuildPhase section */

/* Begin PBXSourcesBuildPhase section */
		E754A25920C3A9D5006F36EB /* Sources */ = {
			isa = PBXSourcesBuildPhase;
			buildActionMask = 2147483647;
			files = (
			);
			runOnlyForDeploymentPostprocessing = 0;
		};
		E754A30C20C3EC6B006F36EB /* Sources */ = {
			isa = PBXSourcesBuildPhase;
			buildActionMask = 2147483647;
			files = (
				E754A31520C3EC6B006F36EB /* ViewController.swift in Sources */,
				E754A31320C3EC6B006F36EB /* AppDelegate.swift in Sources */,
			);
			runOnlyForDeploymentPostprocessing = 0;
		};
		E788685E20C2F981008E0E8D /* Sources */ = {
			isa = PBXSourcesBuildPhase;
			buildActionMask = 2147483647;
			files = (
				E754A2F120C3EB55006F36EB /* BTBaseSDKBundleExtensions.swift in Sources */,
				E788688520C3043E008E0E8D /* BTMemberService.swift in Sources */,
				E754A28A20C3C077006F36EB /* ArrayUtil.swift in Sources */,
				E754A1F020C3957D006F36EB /* BTMemberAPI.swift in Sources */,
				E740BC3E20C77F81001C13F1 /* BTAccount+BTDB.swift in Sources */,
				E791C88E20C9897F003E36A1 /* DispatchQueue+Extensions.swift in Sources */,
				E75D404B20C518F300BEAF79 /* PaddingLabel.swift in Sources */,
				E738006620C44DCF0043A201 /* UpdateNickViewController.swift in Sources */,
				E75D403920C518F300BEAF79 /* UIView+Boom.m in Sources */,
				E738006220C44DAF0043A201 /* UpdateEmailViewController.swift in Sources */,
				E75D404D20C518F300BEAF79 /* UIView+RemoveChildView.swift in Sources */,
				E7C105BA20C62ECB001BFB11 /* BTAPIClientProfile+DeviceInfo.swift in Sources */,
				E75D403D20C518F300BEAF79 /* UIImagePicker+SourceAlert.swift in Sources */,
				E738006A20C452DC0043A201 /* SignUpViewController.swift in Sources */,
				E754A1EE20C39411006F36EB /* BTAccountAPI.swift in Sources */,
				E740BC4C20C78C73001C13F1 /* SQLiteTableSet.swift in Sources */,
				E754A29720C3C077006F36EB /* Math.swift in Sources */,
				E754A1EB20C389DD006F36EB /* BTAPIClient.swift in Sources */,
				E75D403F20C518F300BEAF79 /* SimpleBrowser.swift in Sources */,
				E78B406020C6C4930049ED91 /* FileManager+Paths.swift in Sources */,
				E75D403C20C518F300BEAF79 /* UICollectionViewFlowLayouts.swift in Sources */,
				E791C88C20C97DD0003E36A1 /* BTBaseConfig.swift in Sources */,
				E75D401620C516DF00BEAF79 /* CommonRegexPatterns.swift in Sources */,
				E740BC4320C7871E001C13F1 /* BTDBTableSet.swift in Sources */,
				E740BC4520C78791001C13F1 /* BTDBContext.swift in Sources */,
				E754A29820C3C077006F36EB /* NetworkReachability.swift in Sources */,
				E72467A020C69A92003641C0 /* BTBaseSDKManager.swift in Sources */,
				E7C105B820C628EA001BFB11 /* Models+FMDB.swift in Sources */,
				E740BC4820C78888001C13F1 /* SQLiteDbContext.swift in Sources */,
				E75D401420C4C56F00BEAF79 /* BTAPIResult.swift in Sources */,
				E754A29120C3C077006F36EB /* MF_Base64Additions.m in Sources */,
				E788688120C30429008E0E8D /* BTSessionService.swift in Sources */,
				E738006C20C452EB0043A201 /* ForgetPasswordViewController.swift in Sources */,
				E75D401220C4C54900BEAF79 /* BTAPIRequest.swift in Sources */,
				E75D404920C518F300BEAF79 /* UIColor.swift in Sources */,
				E75D403A20C518F300BEAF79 /* MailHelper.swift in Sources */,
				E754A32B20C3F1C0006F36EB /* BTBaseHomeController.swift in Sources */,
				E754A29420C3C077006F36EB /* DateHelper.swift in Sources */,
				E754A29620C3C077006F36EB /* IDUtil.swift in Sources */,
				E75D403720C518F300BEAF79 /* UIAnimationHelper.swift in Sources */,
				E788687B20C30390008E0E8D /* GameWallViewController.swift in Sources */,
				E754A29220C3C077006F36EB /* CommonExtension.swift in Sources */,
				E7C105BC20C62FE5001BFB11 /* BTServiceInfo.swift in Sources */,
				E754A1F220C396BA006F36EB /* BTSessionAPI.swift in Sources */,
				E754A29920C3C077006F36EB /* NormalDistribution.swift in Sources */,
				E75D404620C518F300BEAF79 /* LockScreenHelper.swift in Sources */,
				E740BC4E20C7B93C001C13F1 /* BTAccountSession+BTDB.swift in Sources */,
				E75D404820C518F300BEAF79 /* HSL.swift in Sources */,
				E75D403420C518F300BEAF79 /* BahamutTextView.swift in Sources */,
				E740BC4A20C788CE001C13F1 /* SQLiteHelper.swift in Sources */,
				E75D404220C518F300BEAF79 /* ToastHelper.swift in Sources */,
				E75D404C20C518F300BEAF79 /* ShareHelper.swift in Sources */,
				E75D404120C518F300BEAF79 /* SystemSoundHelper.swift in Sources */,
				E754A28C20C3C077006F36EB /* BahamutCommonLocalized.swift in Sources */,
				E754A29C20C3C077006F36EB /* StringHelper.swift in Sources */,
				E788687320C2FA77008E0E8D /* BTServiceDBContext.swift in Sources */,
				E754A29B20C3C077006F36EB /* String+MD5.swift in Sources */,
				E788687F20C303BA008E0E8D /* AccountViewController.swift in Sources */,
				E754A29520C3C077006F36EB /* GameCenterHelper.swift in Sources */,
				E788687620C2FDF5008E0E8D /* Models.swift in Sources */,
				E740BC4120C786C6001C13F1 /* BTDBEntity.swift in Sources */,
				E754A29A20C3C077006F36EB /* RegexUtil.swift in Sources */,
				E740BC5020C7BA32001C13F1 /* BTMember+BTDB.swift in Sources */,
				E788688320C30435008E0E8D /* BTAccountService.swift in Sources */,
				E7C105C020C6389E001BFB11 /* LocaleExtensions.swift in Sources */,
				E75D404520C518F300BEAF79 /* ImageUtil.swift in Sources */,
				E738006820C452D00043A201 /* SignInViewController.swift in Sources */,
				E75D404720C518F300BEAF79 /* ControllerExtension.swift in Sources */,
				E7C105BE20C63649001BFB11 /* UIDeviceExtensions.swift in Sources */,
				E75D401020C4B01700BEAF79 /* BTServiceContainer.swift in Sources */,
				E754A2A520C3CFEA006F36EB /* BTGameWall.swift in Sources */,
				E788687D20C303A2008E0E8D /* MemberViewController.swift in Sources */,
				E754A29D20C3C077006F36EB /* UserSetting.swift in Sources */,
				E754A29320C3C077006F36EB /* CommonValueCast.swift in Sources */,
				E75D404E20C518F300BEAF79 /* TableViewEx.swift in Sources */,
				E788687820C3017D008E0E8D /* BTServiceConst.swift in Sources */,
				E75D404020C518F300BEAF79 /* Integer+FriendlyString.swift in Sources */,
				E75D404A20C518F300BEAF79 /* KeyboardAdjustHelper.swift in Sources */,
				E738006420C44DC20043A201 /* UpdatePasswordViewController.swift in Sources */,
			);
			runOnlyForDeploymentPostprocessing = 0;
		};
/* End PBXSourcesBuildPhase section */

/* Begin PBXTargetDependency section */
		E73E6AAB20C55E54000A4B2E /* PBXTargetDependency */ = {
			isa = PBXTargetDependency;
			target = E788686220C2F981008E0E8D /* BTBaseSDK */;
			targetProxy = E73E6AAA20C55E54000A4B2E /* PBXContainerItemProxy */;
		};
/* End PBXTargetDependency section */

/* Begin PBXVariantGroup section */
		E754A27620C3C077006F36EB /* BahamutCommonLocalized.strings */ = {
			isa = PBXVariantGroup;
			children = (
				E754A27720C3C077006F36EB /* Base */,
				E754A28820C3C077006F36EB /* zh-Hans */,
				E76E76A420C584D9008F61BA /* zh-Hant */,
			);
			name = BahamutCommonLocalized.strings;
			sourceTree = "<group>";
		};
		E754A31620C3EC6B006F36EB /* Main.storyboard */ = {
			isa = PBXVariantGroup;
			children = (
				E754A31720C3EC6B006F36EB /* Base */,
				E75B5E0C20C8E4BE005BE4FB /* zh-Hans */,
				E75B5E0E20C8E4BE005BE4FB /* zh-Hant */,
			);
			name = Main.storyboard;
			sourceTree = "<group>";
		};
		E754A31B20C3EC6C006F36EB /* LaunchScreen.storyboard */ = {
			isa = PBXVariantGroup;
			children = (
				E754A31C20C3EC6C006F36EB /* Base */,
			);
			name = LaunchScreen.storyboard;
			sourceTree = "<group>";
		};
		E75B5E1720C8F558005BE4FB /* BTBaseMainStoryboard.storyboard */ = {
			isa = PBXVariantGroup;
			children = (
				E75B5E1620C8F558005BE4FB /* Base */,
				E75B5E1920C8F5BE005BE4FB /* zh-Hans */,
				E7241B8F20C907D300DFB70A /* zh-Hant */,
			);
			name = BTBaseMainStoryboard.storyboard;
			sourceTree = "<group>";
		};
		E76E76A020C58246008F61BA /* BTBaseLocalized.strings */ = {
			isa = PBXVariantGroup;
			children = (
				E76E76A120C58260008F61BA /* Base */,
				E76E76A220C58266008F61BA /* zh-Hans */,
				E76E76A320C582F9008F61BA /* zh-Hant */,
			);
			name = BTBaseLocalized.strings;
			sourceTree = "<group>";
		};
/* End PBXVariantGroup section */

/* Begin XCBuildConfiguration section */
		E754A26120C3A9D5006F36EB /* Debug */ = {
			isa = XCBuildConfiguration;
			buildSettings = {
				CODE_SIGN_IDENTITY = "";
				CODE_SIGN_STYLE = Automatic;
				COMBINE_HIDPI_IMAGES = NO;
				DEVELOPMENT_TEAM = 2BW6TGDJAV;
				ENABLE_BITCODE = NO;
				INFOPLIST_FILE = SDKUI/Info.plist;
				INSTALL_PATH = "$(LOCAL_LIBRARY_DIR)/Bundles";
				IPHONEOS_DEPLOYMENT_TARGET = 8.0;
				MACOSX_DEPLOYMENT_TARGET = 10.13;
				ONLY_ACTIVE_ARCH = YES;
				PRODUCT_BUNDLE_IDENTIFIER = mobi.btbase.iossdkui;
				PRODUCT_NAME = "$(TARGET_NAME)";
				SDKROOT = iphoneos;
				SKIP_INSTALL = NO;
				WRAPPER_EXTENSION = bundle;
			};
			name = Debug;
		};
		E754A26220C3A9D5006F36EB /* Release */ = {
			isa = XCBuildConfiguration;
			buildSettings = {
				CODE_SIGN_IDENTITY = "";
				CODE_SIGN_STYLE = Automatic;
				COMBINE_HIDPI_IMAGES = NO;
				COPY_PHASE_STRIP = YES;
				DEVELOPMENT_TEAM = 2BW6TGDJAV;
				ENABLE_BITCODE = NO;
				INFOPLIST_FILE = SDKUI/Info.plist;
				INSTALL_PATH = "$(LOCAL_LIBRARY_DIR)/Bundles";
				IPHONEOS_DEPLOYMENT_TARGET = 8.0;
				MACOSX_DEPLOYMENT_TARGET = 10.13;
				ONLY_ACTIVE_ARCH = YES;
				PRODUCT_BUNDLE_IDENTIFIER = mobi.btbase.iossdkui;
				PRODUCT_NAME = "$(TARGET_NAME)";
				SDKROOT = iphoneos;
				SKIP_INSTALL = NO;
				WRAPPER_EXTENSION = bundle;
			};
			name = Release;
		};
		E754A32020C3EC6C006F36EB /* Debug */ = {
			isa = XCBuildConfiguration;
			baseConfigurationReference = 197259A5692423664D182705 /* Pods-SDKTest.debug.xcconfig */;
			buildSettings = {
				ALWAYS_EMBED_SWIFT_STANDARD_LIBRARIES = YES;
				ASSETCATALOG_COMPILER_APPICON_NAME = AppIcon;
				CODE_SIGN_STYLE = Automatic;
				DEVELOPMENT_TEAM = 2BW6TGDJAV;
				INFOPLIST_FILE = SDKTest/Info.plist;
				IPHONEOS_DEPLOYMENT_TARGET = 8.0;
				LD_RUNPATH_SEARCH_PATHS = (
					"$(inherited)",
					"@executable_path/Frameworks",
				);
				PRODUCT_BUNDLE_IDENTIFIER = mobi.btbase.SDKTest;
				PRODUCT_NAME = "$(TARGET_NAME)";
				SWIFT_VERSION = 4.0;
				TARGETED_DEVICE_FAMILY = "1,2";
			};
			name = Debug;
		};
		E754A32120C3EC6C006F36EB /* Release */ = {
			isa = XCBuildConfiguration;
			baseConfigurationReference = 62FF0676A78305323D1BB70A /* Pods-SDKTest.release.xcconfig */;
			buildSettings = {
				ALWAYS_EMBED_SWIFT_STANDARD_LIBRARIES = YES;
				ASSETCATALOG_COMPILER_APPICON_NAME = AppIcon;
				CODE_SIGN_STYLE = Automatic;
				DEVELOPMENT_TEAM = 2BW6TGDJAV;
				INFOPLIST_FILE = SDKTest/Info.plist;
				IPHONEOS_DEPLOYMENT_TARGET = 8.0;
				LD_RUNPATH_SEARCH_PATHS = (
					"$(inherited)",
					"@executable_path/Frameworks",
				);
				PRODUCT_BUNDLE_IDENTIFIER = mobi.btbase.SDKTest;
				PRODUCT_NAME = "$(TARGET_NAME)";
				SWIFT_VERSION = 4.0;
				TARGETED_DEVICE_FAMILY = "1,2";
			};
			name = Release;
		};
		E788686920C2F981008E0E8D /* Debug */ = {
			isa = XCBuildConfiguration;
			buildSettings = {
				ALWAYS_SEARCH_USER_PATHS = NO;
				CLANG_ANALYZER_NONNULL = YES;
				CLANG_ANALYZER_NUMBER_OBJECT_CONVERSION = YES_AGGRESSIVE;
				CLANG_CXX_LANGUAGE_STANDARD = "gnu++14";
				CLANG_CXX_LIBRARY = "libc++";
				CLANG_ENABLE_MODULES = YES;
				CLANG_ENABLE_OBJC_ARC = YES;
				CLANG_ENABLE_OBJC_WEAK = YES;
				CLANG_WARN_BLOCK_CAPTURE_AUTORELEASING = YES;
				CLANG_WARN_BOOL_CONVERSION = YES;
				CLANG_WARN_COMMA = YES;
				CLANG_WARN_CONSTANT_CONVERSION = YES;
				CLANG_WARN_DEPRECATED_OBJC_IMPLEMENTATIONS = YES;
				CLANG_WARN_DIRECT_OBJC_ISA_USAGE = YES_ERROR;
				CLANG_WARN_DOCUMENTATION_COMMENTS = YES;
				CLANG_WARN_EMPTY_BODY = YES;
				CLANG_WARN_ENUM_CONVERSION = YES;
				CLANG_WARN_INFINITE_RECURSION = YES;
				CLANG_WARN_INT_CONVERSION = YES;
				CLANG_WARN_NON_LITERAL_NULL_CONVERSION = YES;
				CLANG_WARN_OBJC_IMPLICIT_RETAIN_SELF = YES;
				CLANG_WARN_OBJC_LITERAL_CONVERSION = YES;
				CLANG_WARN_OBJC_ROOT_CLASS = YES_ERROR;
				CLANG_WARN_RANGE_LOOP_ANALYSIS = YES;
				CLANG_WARN_STRICT_PROTOTYPES = YES;
				CLANG_WARN_SUSPICIOUS_MOVE = YES;
				CLANG_WARN_UNGUARDED_AVAILABILITY = YES_AGGRESSIVE;
				CLANG_WARN_UNREACHABLE_CODE = YES;
				CLANG_WARN__DUPLICATE_METHOD_MATCH = YES;
				CODE_SIGN_IDENTITY = "iPhone Developer";
				COPY_PHASE_STRIP = NO;
				CURRENT_PROJECT_VERSION = 1;
				DEBUG_INFORMATION_FORMAT = dwarf;
				ENABLE_STRICT_OBJC_MSGSEND = YES;
				ENABLE_TESTABILITY = YES;
				GCC_C_LANGUAGE_STANDARD = gnu11;
				GCC_DYNAMIC_NO_PIC = NO;
				GCC_NO_COMMON_BLOCKS = YES;
				GCC_OPTIMIZATION_LEVEL = 0;
				GCC_PREPROCESSOR_DEFINITIONS = (
					"DEBUG=1",
					"$(inherited)",
				);
				GCC_WARN_64_TO_32_BIT_CONVERSION = YES;
				GCC_WARN_ABOUT_RETURN_TYPE = YES_ERROR;
				GCC_WARN_UNDECLARED_SELECTOR = YES;
				GCC_WARN_UNINITIALIZED_AUTOS = YES_AGGRESSIVE;
				GCC_WARN_UNUSED_FUNCTION = YES;
				GCC_WARN_UNUSED_VARIABLE = YES;
				IPHONEOS_DEPLOYMENT_TARGET = 11.3;
				MTL_ENABLE_DEBUG_INFO = YES;
				ONLY_ACTIVE_ARCH = YES;
				SDKROOT = iphoneos;
				SWIFT_ACTIVE_COMPILATION_CONDITIONS = DEBUG;
				SWIFT_OPTIMIZATION_LEVEL = "-Onone";
				VERSIONING_SYSTEM = "apple-generic";
				VERSION_INFO_PREFIX = "";
			};
			name = Debug;
		};
		E788686A20C2F981008E0E8D /* Release */ = {
			isa = XCBuildConfiguration;
			buildSettings = {
				ALWAYS_SEARCH_USER_PATHS = NO;
				CLANG_ANALYZER_NONNULL = YES;
				CLANG_ANALYZER_NUMBER_OBJECT_CONVERSION = YES_AGGRESSIVE;
				CLANG_CXX_LANGUAGE_STANDARD = "gnu++14";
				CLANG_CXX_LIBRARY = "libc++";
				CLANG_ENABLE_MODULES = YES;
				CLANG_ENABLE_OBJC_ARC = YES;
				CLANG_ENABLE_OBJC_WEAK = YES;
				CLANG_WARN_BLOCK_CAPTURE_AUTORELEASING = YES;
				CLANG_WARN_BOOL_CONVERSION = YES;
				CLANG_WARN_COMMA = YES;
				CLANG_WARN_CONSTANT_CONVERSION = YES;
				CLANG_WARN_DEPRECATED_OBJC_IMPLEMENTATIONS = YES;
				CLANG_WARN_DIRECT_OBJC_ISA_USAGE = YES_ERROR;
				CLANG_WARN_DOCUMENTATION_COMMENTS = YES;
				CLANG_WARN_EMPTY_BODY = YES;
				CLANG_WARN_ENUM_CONVERSION = YES;
				CLANG_WARN_INFINITE_RECURSION = YES;
				CLANG_WARN_INT_CONVERSION = YES;
				CLANG_WARN_NON_LITERAL_NULL_CONVERSION = YES;
				CLANG_WARN_OBJC_IMPLICIT_RETAIN_SELF = YES;
				CLANG_WARN_OBJC_LITERAL_CONVERSION = YES;
				CLANG_WARN_OBJC_ROOT_CLASS = YES_ERROR;
				CLANG_WARN_RANGE_LOOP_ANALYSIS = YES;
				CLANG_WARN_STRICT_PROTOTYPES = YES;
				CLANG_WARN_SUSPICIOUS_MOVE = YES;
				CLANG_WARN_UNGUARDED_AVAILABILITY = YES_AGGRESSIVE;
				CLANG_WARN_UNREACHABLE_CODE = YES;
				CLANG_WARN__DUPLICATE_METHOD_MATCH = YES;
				CODE_SIGN_IDENTITY = "iPhone Developer";
				COPY_PHASE_STRIP = NO;
				CURRENT_PROJECT_VERSION = 1;
				DEBUG_INFORMATION_FORMAT = "dwarf-with-dsym";
				ENABLE_NS_ASSERTIONS = NO;
				ENABLE_STRICT_OBJC_MSGSEND = YES;
				GCC_C_LANGUAGE_STANDARD = gnu11;
				GCC_NO_COMMON_BLOCKS = YES;
				GCC_WARN_64_TO_32_BIT_CONVERSION = YES;
				GCC_WARN_ABOUT_RETURN_TYPE = YES_ERROR;
				GCC_WARN_UNDECLARED_SELECTOR = YES;
				GCC_WARN_UNINITIALIZED_AUTOS = YES_AGGRESSIVE;
				GCC_WARN_UNUSED_FUNCTION = YES;
				GCC_WARN_UNUSED_VARIABLE = YES;
				IPHONEOS_DEPLOYMENT_TARGET = 11.3;
				MTL_ENABLE_DEBUG_INFO = NO;
				SDKROOT = iphoneos;
				SWIFT_COMPILATION_MODE = wholemodule;
				SWIFT_OPTIMIZATION_LEVEL = "-O";
				VALIDATE_PRODUCT = YES;
				VERSIONING_SYSTEM = "apple-generic";
				VERSION_INFO_PREFIX = "";
			};
			name = Release;
		};
		E788686C20C2F981008E0E8D /* Debug */ = {
			isa = XCBuildConfiguration;
			baseConfigurationReference = 65D6C8E0EA77D734511F995D /* Pods-BTBaseSDK.debug.xcconfig */;
			buildSettings = {
				CLANG_ALLOW_NON_MODULAR_INCLUDES_IN_FRAMEWORK_MODULES = YES;
				CLANG_ENABLE_MODULES = YES;
				CODE_SIGN_IDENTITY = "";
				CODE_SIGN_STYLE = Automatic;
				DEFINES_MODULE = YES;
				DEVELOPMENT_TEAM = 2BW6TGDJAV;
				DYLIB_COMPATIBILITY_VERSION = 1;
				DYLIB_CURRENT_VERSION = 1;
				DYLIB_INSTALL_NAME_BASE = "@rpath";
				INFOPLIST_FILE = iOSSDK/Info.plist;
				INSTALL_PATH = "$(LOCAL_LIBRARY_DIR)/Frameworks";
				IPHONEOS_DEPLOYMENT_TARGET = 8.0;
				LD_RUNPATH_SEARCH_PATHS = (
					"$(inherited)",
					"@executable_path/Frameworks",
					"@loader_path/Frameworks",
				);
				PRODUCT_BUNDLE_IDENTIFIER = mobi.btbase.iossdk;
				PRODUCT_NAME = "$(TARGET_NAME:c99extidentifier)";
				SKIP_INSTALL = YES;
				SWIFT_INCLUDE_PATHS = "${SRCROOT}/iOSSDK/Libs/BahamutCommon";
				SWIFT_OBJC_BRIDGING_HEADER = iOSSDK/iOSSDK.h;
				SWIFT_OPTIMIZATION_LEVEL = "-Onone";
				SWIFT_VERSION = 4.0;
				TARGETED_DEVICE_FAMILY = "1,2";
			};
			name = Debug;
		};
		E788686D20C2F981008E0E8D /* Release */ = {
			isa = XCBuildConfiguration;
			baseConfigurationReference = 048F9DC096F966E62392A9CF /* Pods-BTBaseSDK.release.xcconfig */;
			buildSettings = {
				CLANG_ALLOW_NON_MODULAR_INCLUDES_IN_FRAMEWORK_MODULES = YES;
				CLANG_ENABLE_MODULES = YES;
				CODE_SIGN_IDENTITY = "";
				CODE_SIGN_STYLE = Automatic;
				DEFINES_MODULE = YES;
				DEVELOPMENT_TEAM = 2BW6TGDJAV;
				DYLIB_COMPATIBILITY_VERSION = 1;
				DYLIB_CURRENT_VERSION = 1;
				DYLIB_INSTALL_NAME_BASE = "@rpath";
				INFOPLIST_FILE = iOSSDK/Info.plist;
				INSTALL_PATH = "$(LOCAL_LIBRARY_DIR)/Frameworks";
				IPHONEOS_DEPLOYMENT_TARGET = 8.0;
				LD_RUNPATH_SEARCH_PATHS = (
					"$(inherited)",
					"@executable_path/Frameworks",
					"@loader_path/Frameworks",
				);
				PRODUCT_BUNDLE_IDENTIFIER = mobi.btbase.iossdk;
				PRODUCT_NAME = "$(TARGET_NAME:c99extidentifier)";
				SKIP_INSTALL = YES;
				SWIFT_INCLUDE_PATHS = "${SRCROOT}/iOSSDK/Libs/BahamutCommon";
				SWIFT_OBJC_BRIDGING_HEADER = iOSSDK/iOSSDK.h;
				SWIFT_VERSION = 4.0;
				TARGETED_DEVICE_FAMILY = "1,2";
			};
			name = Release;
		};
/* End XCBuildConfiguration section */

/* Begin XCConfigurationList section */
		E754A26020C3A9D5006F36EB /* Build configuration list for PBXNativeTarget "BTBaseSDKUI" */ = {
			isa = XCConfigurationList;
			buildConfigurations = (
				E754A26120C3A9D5006F36EB /* Debug */,
				E754A26220C3A9D5006F36EB /* Release */,
			);
			defaultConfigurationIsVisible = 0;
			defaultConfigurationName = Release;
		};
		E754A31F20C3EC6C006F36EB /* Build configuration list for PBXNativeTarget "SDKTest" */ = {
			isa = XCConfigurationList;
			buildConfigurations = (
				E754A32020C3EC6C006F36EB /* Debug */,
				E754A32120C3EC6C006F36EB /* Release */,
			);
			defaultConfigurationIsVisible = 0;
			defaultConfigurationName = Release;
		};
		E788685D20C2F981008E0E8D /* Build configuration list for PBXProject "iOSSDK" */ = {
			isa = XCConfigurationList;
			buildConfigurations = (
				E788686920C2F981008E0E8D /* Debug */,
				E788686A20C2F981008E0E8D /* Release */,
			);
			defaultConfigurationIsVisible = 0;
			defaultConfigurationName = Release;
		};
		E788686B20C2F981008E0E8D /* Build configuration list for PBXNativeTarget "BTBaseSDK" */ = {
			isa = XCConfigurationList;
			buildConfigurations = (
				E788686C20C2F981008E0E8D /* Debug */,
				E788686D20C2F981008E0E8D /* Release */,
			);
			defaultConfigurationIsVisible = 0;
			defaultConfigurationName = Release;
		};
/* End XCConfigurationList section */
	};
	rootObject = E788685A20C2F981008E0E8D /* Project object */;
}
